
Microsoft Visual Studio Solution File, Format Version 12.00
# Visual Studio Version 16
VisualStudioVersion = 16.0.32002.261
MinimumVisualStudioVersion = 10.0.40219.1
Project("{8BC9CEB8-8B4A-11D0-8D11-00A0C91BC942}") = "DoseServer", "DoseServer.vcxproj", "{16A959BF-9BAB-4847-B831-861EE91D1BA5}"
EndProject
Project("{8BC9CEB8-8B4A-11D0-8D11-00A0C91BC942}") = "BASE", "..\BASE\BASE.vcxproj", "{AB592A6E-7B7F-4F77-9D9D-618F24D8C87D}"
EndProject
Project("{8BC9CEB8-8B4A-11D0-8D11-00A0C91BC942}") = "AdsClient", "..\AdsClient\AdsClient.vcxproj", "{1792E18C-78C6-4F8F-8581-8A8ED0736FA8}"
EndProject
Project("{8BC9CEB8-8B4A-11D0-8D11-00A0C91BC942}") = "RemoteServiceModbusStandard", "..\remote\RemoteServiceModbusStandard\RemoteServiceModbusStandard.vcxproj", "{F3F14CE1-1A8C-4FB1-85C8-B6CCCB01C793}"
EndProject
Project("{8BC9CEB8-8B4A-11D0-8D11-00A0C91BC942}") = "ModBusKernel", "..\remote\ModBusKernel\ModBusKernel.vcxproj", "{16BFFA23-A22E-4084-B4EA-EFBCBDFEF960}"
EndProject
Project("{8BC9CEB8-8B4A-11D0-8D11-00A0C91BC942}") = "S7Kernel", "..\remote\S7Kernel\S7Kernel.vcxproj", "{3E5924BE-48FF-43BC-96CD-7C276A2F4C34}"
EndProject
Project("{8BC9CEB8-8B4A-11D0-8D11-00A0C91BC942}") = "RemoteServiceS7", "..\remote\RemoteServiceS7\RemoteServiceS7.vcxproj", "{5B322D67-DD8A-4997-BAE8-9BC5A3799BC6}"
EndProject
Project("{8BC9CEB8-8B4A-11D0-8D11-00A0C91BC942}") = "PNDriver64", "..\remote\ProifNet\PNDriver64\PNDriver64.vcxproj", "{7CF0A003-8A51-4178-873B-BA080DF46C0B}"
EndProject
Project("{8BC9CEB8-8B4A-11D0-8D11-00A0C91BC942}") = "S7Snap", "..\remote\S7Snap\S7Snap.vcxproj", "{FF6F78AA-202A-45AA-A0AA-34849E2A6E07}"
EndProject
Project("{8BC9CEB8-8B4A-11D0-8D11-00A0C91BC942}") = "S7Simulator", "..\remote\S7Simulator\S7Simulator.vcxproj", "{0B3AAADA-EA20-442B-BA79-8B907794312D}"
EndProject
Project("{8BC9CEB8-8B4A-11D0-8D11-00A0C91BC942}") = "RemoteServer", "..\RemoteServer\RemoteServer.vcxproj", "{533AFFDF-F9B0-4A80-B79D-1B6841D5FD6F}"
EndProject
Project("{8BC9CEB8-8B4A-11D0-8D11-00A0C91BC942}") = "RemoteServiceProfibus", "..\remote\RemoteServiceProfibus\RemoteServiceProfibus.vcxproj", "{D8224C3E-3EE2-42F9-8C9C-652F9DABD6E2}"
EndProject
Project("{8BC9CEB8-8B4A-11D0-8D11-00A0C91BC942}") = "DoseDataLib", "..\DoseDataLib\DoseDataLib.vcxproj", "{9DDEBFE2-045F-4034-8214-8FCD3DC20240}"
EndProject
Project("{8BC9CEB8-8B4A-11D0-8D11-00A0C91BC942}") = "Logger", "..\Logger\Logger.vcxproj", "{6FE1DC42-88B7-4EBD-A91F-73826B869961}"
EndProject
Project("{8BC9CEB8-8B4A-11D0-8D11-00A0C91BC942}") = "RemoteHandler", "..\remote\RemoteHandler\RemoteHandler.vcxproj", "{43CF3DC6-9AFF-49B8-BA3E-AC1089942D1C}"
EndProject
Global
	GlobalSection(SolutionConfigurationPlatforms) = preSolution
		Debug|x64 = Debug|x64
		Debug|x86 = Debug|x86
		Release|x64 = Release|x64
		Release|x86 = Release|x86
	EndGlobalSection
	GlobalSection(ProjectConfigurationPlatforms) = postSolution
		{16A959BF-9BAB-4847-B831-861EE91D1BA5}.Debug|x64.ActiveCfg = Debug|x64
		{16A959BF-9BAB-4847-B831-861EE91D1BA5}.Debug|x64.Build.0 = Debug|x64
		{16A959BF-9BAB-4847-B831-861EE91D1BA5}.Debug|x86.ActiveCfg = Debug|Win32
		{16A959BF-9BAB-4847-B831-861EE91D1BA5}.Debug|x86.Build.0 = Debug|Win32
		{16A959BF-9BAB-4847-B831-861EE91D1BA5}.Release|x64.ActiveCfg = Release|x64
		{16A959BF-9BAB-4847-B831-861EE91D1BA5}.Release|x64.Build.0 = Release|x64
		{16A959BF-9BAB-4847-B831-861EE91D1BA5}.Release|x86.ActiveCfg = Release|Win32
		{16A959BF-9BAB-4847-B831-861EE91D1BA5}.Release|x86.Build.0 = Release|Win32
		{AB592A6E-7B7F-4F77-9D9D-618F24D8C87D}.Debug|x64.ActiveCfg = Debug|x64
		{AB592A6E-7B7F-4F77-9D9D-618F24D8C87D}.Debug|x64.Build.0 = Debug|x64
		{AB592A6E-7B7F-4F77-9D9D-618F24D8C87D}.Debug|x86.ActiveCfg = Debug|Win32
		{AB592A6E-7B7F-4F77-9D9D-618F24D8C87D}.Debug|x86.Build.0 = Debug|Win32
		{AB592A6E-7B7F-4F77-9D9D-618F24D8C87D}.Release|x64.ActiveCfg = Release|x64
		{AB592A6E-7B7F-4F77-9D9D-618F24D8C87D}.Release|x64.Build.0 = Release|x64
		{AB592A6E-7B7F-4F77-9D9D-618F24D8C87D}.Release|x86.ActiveCfg = Release|Win32
		{AB592A6E-7B7F-4F77-9D9D-618F24D8C87D}.Release|x86.Build.0 = Release|Win32
		{1792E18C-78C6-4F8F-8581-8A8ED0736FA8}.Debug|x64.ActiveCfg = Debug|x64
		{1792E18C-78C6-4F8F-8581-8A8ED0736FA8}.Debug|x64.Build.0 = Debug|x64
		{1792E18C-78C6-4F8F-8581-8A8ED0736FA8}.Debug|x86.ActiveCfg = Debug|Win32
		{1792E18C-78C6-4F8F-8581-8A8ED0736FA8}.Debug|x86.Build.0 = Debug|Win32
		{1792E18C-78C6-4F8F-8581-8A8ED0736FA8}.Release|x64.ActiveCfg = Release|x64
		{1792E18C-78C6-4F8F-8581-8A8ED0736FA8}.Release|x64.Build.0 = Release|x64
		{1792E18C-78C6-4F8F-8581-8A8ED0736FA8}.Release|x86.ActiveCfg = Release|Win32
		{1792E18C-78C6-4F8F-8581-8A8ED0736FA8}.Release|x86.Build.0 = Release|Win32
		{F3F14CE1-1A8C-4FB1-85C8-B6CCCB01C793}.Debug|x64.ActiveCfg = Debug|x64
		{F3F14CE1-1A8C-4FB1-85C8-B6CCCB01C793}.Debug|x64.Build.0 = Debug|x64
		{F3F14CE1-1A8C-4FB1-85C8-B6CCCB01C793}.Debug|x86.ActiveCfg = Debug|Win32
		{F3F14CE1-1A8C-4FB1-85C8-B6CCCB01C793}.Debug|x86.Build.0 = Debug|Win32
		{F3F14CE1-1A8C-4FB1-85C8-B6CCCB01C793}.Release|x64.ActiveCfg = Release|x64
		{F3F14CE1-1A8C-4FB1-85C8-B6CCCB01C793}.Release|x64.Build.0 = Release|x64
		{F3F14CE1-1A8C-4FB1-85C8-B6CCCB01C793}.Release|x86.ActiveCfg = Release|Win32
		{F3F14CE1-1A8C-4FB1-85C8-B6CCCB01C793}.Release|x86.Build.0 = Release|Win32
		{16BFFA23-A22E-4084-B4EA-EFBCBDFEF960}.Debug|x64.ActiveCfg = Debug|x64
		{16BFFA23-A22E-4084-B4EA-EFBCBDFEF960}.Debug|x64.Build.0 = Debug|x64
		{16BFFA23-A22E-4084-B4EA-EFBCBDFEF960}.Debug|x86.ActiveCfg = Debug|Win32
		{16BFFA23-A22E-4084-B4EA-EFBCBDFEF960}.Debug|x86.Build.0 = Debug|Win32
		{16BFFA23-A22E-4084-B4EA-EFBCBDFEF960}.Release|x64.ActiveCfg = Release|x64
		{16BFFA23-A22E-4084-B4EA-EFBCBDFEF960}.Release|x64.Build.0 = Release|x64
		{16BFFA23-A22E-4084-B4EA-EFBCBDFEF960}.Release|x86.ActiveCfg = Release|Win32
		{16BFFA23-A22E-4084-B4EA-EFBCBDFEF960}.Release|x86.Build.0 = Release|Win32
		{3E5924BE-48FF-43BC-96CD-7C276A2F4C34}.Debug|x64.ActiveCfg = Debug|x64
		{3E5924BE-48FF-43BC-96CD-7C276A2F4C34}.Debug|x64.Build.0 = Debug|x64
		{3E5924BE-48FF-43BC-96CD-7C276A2F4C34}.Debug|x86.ActiveCfg = Debug|Win32
		{3E5924BE-48FF-43BC-96CD-7C276A2F4C34}.Debug|x86.Build.0 = Debug|Win32
		{3E5924BE-48FF-43BC-96CD-7C276A2F4C34}.Release|x64.ActiveCfg = Release|x64
		{3E5924BE-48FF-43BC-96CD-7C276A2F4C34}.Release|x64.Build.0 = Release|x64
		{3E5924BE-48FF-43BC-96CD-7C276A2F4C34}.Release|x86.ActiveCfg = Release|Win32
		{3E5924BE-48FF-43BC-96CD-7C276A2F4C34}.Release|x86.Build.0 = Release|Win32
		{5B322D67-DD8A-4997-BAE8-9BC5A3799BC6}.Debug|x64.ActiveCfg = Debug|x64
		{5B322D67-DD8A-4997-BAE8-9BC5A3799BC6}.Debug|x64.Build.0 = Debug|x64
		{5B322D67-DD8A-4997-BAE8-9BC5A3799BC6}.Debug|x86.ActiveCfg = Debug|Win32
		{5B322D67-DD8A-4997-BAE8-9BC5A3799BC6}.Debug|x86.Build.0 = Debug|Win32
		{5B322D67-DD8A-4997-BAE8-9BC5A3799BC6}.Release|x64.ActiveCfg = Release|x64
		{5B322D67-DD8A-4997-BAE8-9BC5A3799BC6}.Release|x64.Build.0 = Release|x64
		{5B322D67-DD8A-4997-BAE8-9BC5A3799BC6}.Release|x86.ActiveCfg = Release|Win32
		{5B322D67-DD8A-4997-BAE8-9BC5A3799BC6}.Release|x86.Build.0 = Release|Win32
		{7CF0A003-8A51-4178-873B-BA080DF46C0B}.Debug|x64.ActiveCfg = Debug|x64
		{7CF0A003-8A51-4178-873B-BA080DF46C0B}.Debug|x64.Build.0 = Debug|x64
		{7CF0A003-8A51-4178-873B-BA080DF46C0B}.Debug|x86.ActiveCfg = Debug|Win32
		{7CF0A003-8A51-4178-873B-BA080DF46C0B}.Debug|x86.Build.0 = Debug|Win32
		{7CF0A003-8A51-4178-873B-BA080DF46C0B}.Release|x64.ActiveCfg = Release|x64
		{7CF0A003-8A51-4178-873B-BA080DF46C0B}.Release|x64.Build.0 = Release|x64
		{7CF0A003-8A51-4178-873B-BA080DF46C0B}.Release|x86.ActiveCfg = Release|Win32
		{7CF0A003-8A51-4178-873B-BA080DF46C0B}.Release|x86.Build.0 = Release|Win32
		{FF6F78AA-202A-45AA-A0AA-34849E2A6E07}.Debug|x64.ActiveCfg = Debug|x64
		{FF6F78AA-202A-45AA-A0AA-34849E2A6E07}.Debug|x64.Build.0 = Debug|x64
		{FF6F78AA-202A-45AA-A0AA-34849E2A6E07}.Debug|x86.ActiveCfg = Debug|Win32
		{FF6F78AA-202A-45AA-A0AA-34849E2A6E07}.Debug|x86.Build.0 = Debug|Win32
		{FF6F78AA-202A-45AA-A0AA-34849E2A6E07}.Release|x64.ActiveCfg = Release|x64
		{FF6F78AA-202A-45AA-A0AA-34849E2A6E07}.Release|x64.Build.0 = Release|x64
		{FF6F78AA-202A-45AA-A0AA-34849E2A6E07}.Release|x86.ActiveCfg = Release|Win32
		{FF6F78AA-202A-45AA-A0AA-34849E2A6E07}.Release|x86.Build.0 = Release|Win32
		{0B3AAADA-EA20-442B-BA79-8B907794312D}.Debug|x64.ActiveCfg = Debug|x64
		{0B3AAADA-EA20-442B-BA79-8B907794312D}.Debug|x64.Build.0 = Debug|x64
		{0B3AAADA-EA20-442B-BA79-8B907794312D}.Debug|x86.ActiveCfg = Debug|Win32
		{0B3AAADA-EA20-442B-BA79-8B907794312D}.Debug|x86.Build.0 = Debug|Win32
		{0B3AAADA-EA20-442B-BA79-8B907794312D}.Release|x64.ActiveCfg = Release|x64
		{0B3AAADA-EA20-442B-BA79-8B907794312D}.Release|x64.Build.0 = Release|x64
		{0B3AAADA-EA20-442B-BA79-8B907794312D}.Release|x86.ActiveCfg = Release|Win32
		{0B3AAADA-EA20-442B-BA79-8B907794312D}.Release|x86.Build.0 = Release|Win32
		{533AFFDF-F9B0-4A80-B79D-1B6841D5FD6F}.Debug|x64.ActiveCfg = Debug|x64
		{533AFFDF-F9B0-4A80-B79D-1B6841D5FD6F}.Debug|x64.Build.0 = Debug|x64
		{533AFFDF-F9B0-4A80-B79D-1B6841D5FD6F}.Debug|x86.ActiveCfg = Debug|Win32
		{533AFFDF-F9B0-4A80-B79D-1B6841D5FD6F}.Debug|x86.Build.0 = Debug|Win32
		{533AFFDF-F9B0-4A80-B79D-1B6841D5FD6F}.Release|x64.ActiveCfg = Release|x64
		{533AFFDF-F9B0-4A80-B79D-1B6841D5FD6F}.Release|x64.Build.0 = Release|x64
		{533AFFDF-F9B0-4A80-B79D-1B6841D5FD6F}.Release|x86.ActiveCfg = Release|Win32
		{533AFFDF-F9B0-4A80-B79D-1B6841D5FD6F}.Release|x86.Build.0 = Release|Win32
		{D8224C3E-3EE2-42F9-8C9C-652F9DABD6E2}.Debug|x64.ActiveCfg = Debug|x64
		{D8224C3E-3EE2-42F9-8C9C-652F9DABD6E2}.Debug|x64.Build.0 = Debug|x64
		{D8224C3E-3EE2-42F9-8C9C-652F9DABD6E2}.Debug|x86.ActiveCfg = Debug|Win32
		{D8224C3E-3EE2-42F9-8C9C-652F9DABD6E2}.Debug|x86.Build.0 = Debug|Win32
		{D8224C3E-3EE2-42F9-8C9C-652F9DABD6E2}.Release|x64.ActiveCfg = Release|x64
		{D8224C3E-3EE2-42F9-8C9C-652F9DABD6E2}.Release|x64.Build.0 = Release|x64
		{D8224C3E-3EE2-42F9-8C9C-652F9DABD6E2}.Release|x86.ActiveCfg = Release|Win32
		{D8224C3E-3EE2-42F9-8C9C-652F9DABD6E2}.Release|x86.Build.0 = Release|Win32
		{9DDEBFE2-045F-4034-8214-8FCD3DC20240}.Debug|x64.ActiveCfg = Debug|x64
		{9DDEBFE2-045F-4034-8214-8FCD3DC20240}.Debug|x64.Build.0 = Debug|x64
		{9DDEBFE2-045F-4034-8214-8FCD3DC20240}.Debug|x86.ActiveCfg = Debug|Win32
		{9DDEBFE2-045F-4034-8214-8FCD3DC20240}.Debug|x86.Build.0 = Debug|Win32
		{9DDEBFE2-045F-4034-8214-8FCD3DC20240}.Release|x64.ActiveCfg = Release|x64
		{9DDEBFE2-045F-4034-8214-8FCD3DC20240}.Release|x64.Build.0 = Release|x64
		{9DDEBFE2-045F-4034-8214-8FCD3DC20240}.Release|x86.ActiveCfg = Release|Win32
		{9DDEBFE2-045F-4034-8214-8FCD3DC20240}.Release|x86.Build.0 = Release|Win32
		{6FE1DC42-88B7-4EBD-A91F-73826B869961}.Debug|x64.ActiveCfg = Debug|x64
		{6FE1DC42-88B7-4EBD-A91F-73826B869961}.Debug|x64.Build.0 = Debug|x64
		{6FE1DC42-88B7-4EBD-A91F-73826B869961}.Debug|x86.ActiveCfg = Debug|Win32
		{6FE1DC42-88B7-4EBD-A91F-73826B869961}.Debug|x86.Build.0 = Debug|Win32
		{6FE1DC42-88B7-4EBD-A91F-73826B869961}.Release|x64.ActiveCfg = Release|x64
		{6FE1DC42-88B7-4EBD-A91F-73826B869961}.Release|x64.Build.0 = Release|x64
		{6FE1DC42-88B7-4EBD-A91F-73826B869961}.Release|x86.ActiveCfg = Release|Win32
		{6FE1DC42-88B7-4EBD-A91F-73826B869961}.Release|x86.Build.0 = Release|Win32
		{43CF3DC6-9AFF-49B8-BA3E-AC1089942D1C}.Debug|x64.ActiveCfg = Debug|x64
		{43CF3DC6-9AFF-49B8-BA3E-AC1089942D1C}.Debug|x64.Build.0 = Debug|x64
		{43CF3DC6-9AFF-49B8-BA3E-AC1089942D1C}.Debug|x86.ActiveCfg = Debug|Win32
		{43CF3DC6-9AFF-49B8-BA3E-AC1089942D1C}.Debug|x86.Build.0 = Debug|Win32
		{43CF3DC6-9AFF-49B8-BA3E-AC1089942D1C}.Release|x64.ActiveCfg = Release|x64
		{43CF3DC6-9AFF-49B8-BA3E-AC1089942D1C}.Release|x64.Build.0 = Release|x64
		{43CF3DC6-9AFF-49B8-BA3E-AC1089942D1C}.Release|x86.ActiveCfg = Release|Win32
		{43CF3DC6-9AFF-49B8-BA3E-AC1089942D1C}.Release|x86.Build.0 = Release|Win32
	EndGlobalSection
	GlobalSection(SolutionProperties) = preSolution
		HideSolutionNode = FALSE
	EndGlobalSection
	GlobalSection(ExtensibilityGlobals) = postSolution
		SolutionGuid = {B5D57A0C-5A60-488F-A952-E01196128B89}
	EndGlobalSection
EndGlobal
