Microsoft Visual Studio Solution File, Format Version 12.00
# Visual Studio Version 16
VisualStudioVersion = 16.0.31112.23
MinimumVisualStudioVersion = 10.0.40219.1
Project("{8BC9CEB8-8B4A-11D0-8D11-00A0C91BC942}") = "EasyControl", "EasyControl.vcxproj", "{6E547BB2-E9BE-45DA-8751-F1386BE6DD0C}"
	ProjectSection(ProjectDependencies) = postProject
		{1792E18C-78C6-4F8F-8581-8A8ED0736FA8} = {1792E18C-78C6-4F8F-8581-8A8ED0736FA8}
	EndProjectSection
EndProject
Project("{8BC9CEB8-8B4A-11D0-8D11-00A0C91BC942}") = "BASE", "BASE\BASE.vcxproj", "{AB592A6E-7B7F-4F77-9D9D-618F24D8C87D}"
EndProject
Project("{8BC9CEB8-8B4A-11D0-8D11-00A0C91BC942}") = "RemoteServer", "RemoteServer\RemoteServer.vcxproj", "{533AFFDF-F9B0-4A80-B79D-1B6841D5FD6F}"
EndProject
Project("{8BC9CEB8-8B4A-11D0-8D11-00A0C91BC942}") = "RemoteServiceModbusStandard", "remote\RemoteServiceModbusStandard\RemoteServiceModbusStandard.vcxproj", "{F3F14CE1-1A8C-4FB1-85C8-B6CCCB01C793}"
EndProject
Project("{8BC9CEB8-8B4A-11D0-8D11-00A0C91BC942}") = "ModBusKernel", "remote\ModBusKernel\ModBusKernel.vcxproj", "{16BFFA23-A22E-4084-B4EA-EFBCBDFEF960}"
EndProject
Project("{8BC9CEB8-8B4A-11D0-8D11-00A0C91BC942}") = "RemoteServiceProfibus", "remote\RemoteServiceProfibus\RemoteServiceProfibus.vcxproj", "{D8224C3E-3EE2-42F9-8C9C-652F9DABD6E2}"
	ProjectSection(ProjectDependencies) = postProject
		{1792E18C-78C6-4F8F-8581-8A8ED0736FA8} = {1792E18C-78C6-4F8F-8581-8A8ED0736FA8}
	EndProjectSection
EndProject
Project("{8BC9CEB8-8B4A-11D0-8D11-00A0C91BC942}") = "RemoteServiceS7", "remote\RemoteServiceS7\RemoteServiceS7.vcxproj", "{5B322D67-DD8A-4997-BAE8-9BC5A3799BC6}"
EndProject
Project("{8BC9CEB8-8B4A-11D0-8D11-00A0C91BC942}") = "S7Simulator", "remote\S7Simulator\S7Simulator.vcxproj", "{0B3AAADA-EA20-442B-BA79-8B907794312D}"
EndProject
Project("{8BC9CEB8-8B4A-11D0-8D11-00A0C91BC942}") = "S7Snap", "remote\S7Snap\S7Snap.vcxproj", "{FF6F78AA-202A-45AA-A0AA-34849E2A6E07}"
EndProject
Project("{8BC9CEB8-8B4A-11D0-8D11-00A0C91BC942}") = "AdsClient", "AdsClient\AdsClient.vcxproj", "{1792E18C-78C6-4F8F-8581-8A8ED0736FA8}"
EndProject
Project("{8BC9CEB8-8B4A-11D0-8D11-00A0C91BC942}") = "DoseServer", "DoseServer\DoseServer.vcxproj", "{16A959BF-9BAB-4847-B831-861EE91D1BA5}"
EndProject
Project("{8BC9CEB8-8B4A-11D0-8D11-00A0C91BC942}") = "EasyControl_DEU", "EasyControl_DEU\EasyControl_DEU.vcxproj", "{45CF4817-CFCE-46D6-9102-ED3ABD869221}"
EndProject
Project("{8BC9CEB8-8B4A-11D0-8D11-00A0C91BC942}") = "DoseDataLib", "DoseDataLib\DoseDataLib.vcxproj", "{9DDEBFE2-045F-4034-8214-8FCD3DC20240}"
EndProject
Project("{8BC9CEB8-8B4A-11D0-8D11-00A0C91BC942}") = "EasyControl_ENG", "EasyControl_ENG\EasyControl_ENG.vcxproj", "{06415CAE-DF48-4772-B65F-26A73AF7783F}"
EndProject
Project("{8BC9CEB8-8B4A-11D0-8D11-00A0C91BC942}") = "EasyControl_FRZ", "EasyControl_FRZ\EasyControl_FRZ.vcxproj", "{FD542F88-33A8-4BDB-BD87-68618632B644}"
EndProject
Project("{8BC9CEB8-8B4A-11D0-8D11-00A0C91BC942}") = "EasyControl_ITA", "EasyControl_ITA\EasyControl_ITA.vcxproj", "{89C46D74-381F-47DD-AD41-BEF8FA017E5D}"
EndProject
Project("{8BC9CEB8-8B4A-11D0-8D11-00A0C91BC942}") = "EasyControl_NL", "EasyControl_NL\EasyControl_NL.vcxproj", "{1EB7876B-8FFA-4347-9D68-76AA075D5822}"
EndProject
Project("{8BC9CEB8-8B4A-11D0-8D11-00A0C91BC942}") = "EasyControl_TRK", "EasyControl_TRK\EasyControl_TRK.vcxproj", "{F7E3C886-CFAD-4C46-8042-01CD90C81F99}"
EndProject
Project("{8BC9CEB8-8B4A-11D0-8D11-00A0C91BC942}") = "Logger", "Logger\Logger.vcxproj", "{6FE1DC42-88B7-4EBD-A91F-73826B869961}"
EndProject
Project("{8BC9CEB8-8B4A-11D0-8D11-00A0C91BC942}") = "RemoteHandler", "remote\RemoteHandler\RemoteHandler.vcxproj", "{43CF3DC6-9AFF-49B8-BA3E-AC1089942D1C}"
EndProject
Project("{2150E333-8FDC-42A3-9474-1A3956D46DE8}") = "ressource", "ressource", "{F2BED24D-3435-460E-AD73-89330EDC8517}"
EndProject
Project("{2150E333-8FDC-42A3-9474-1A3956D46DE8}") = "device", "device", "{58D7E20D-DB96-477A-96D9-164495C9C674}"
EndProject
Project("{2150E333-8FDC-42A3-9474-1A3956D46DE8}") = "service", "service", "{3B9EB247-E16F-485F-BBE2-31DE09223076}"
EndProject
Project("{8BC9CEB8-8B4A-11D0-8D11-00A0C91BC942}") = "EasyControl_ESP", "EasyControl_ESP\EasyControl_ESP.vcxproj", "{5C33850E-9FFA-41CC-8DA8-1B384C882957}"
EndProject
Project("{8BC9CEB8-8B4A-11D0-8D11-00A0C91BC942}") = "EasyControl_PLK", "EasyControl_PLK\EasyControl_PLK.vcxproj", "{F2916507-F24B-450C-8B8F-62A32B2576CF}"
EndProject
Project("{8BC9CEB8-8B4A-11D0-8D11-00A0C91BC942}") = "VKBoard", "VKBoard\VKBoard.vcxproj", "{5DAA81F8-6325-4D5B-9F81-9D7AB0E144EA}"
EndProject
Project("{8BC9CEB8-8B4A-11D0-8D11-00A0C91BC942}") = "EasyControl_RUS", "EasyControl_RUS\EasyControl_RUS.vcxproj", "{5753F7FE-E0B4-448B-AD2E-8137E814DC7D}"
EndProject
Project("{8BC9CEB8-8B4A-11D0-8D11-00A0C91BC942}") = "EasyControl_CHS", "EasyControl_CHS\EasyControl_CHS.vcxproj", "{9DECC773-F8F5-48AE-A38A-99C6B4860276}"
EndProject
Project("{8BC9CEB8-8B4A-11D0-8D11-00A0C91BC942}") = "EasyControl_UKR", "EasyControl_UKR\EasyControl_UKR.vcxproj", "{4B318975-B90B-44D2-9CB2-7BF6B8C3B59A}"
EndProject
Project("{8BC9CEB8-8B4A-11D0-8D11-00A0C91BC942}") = "EasyControl_HUN", "EasyControl_HUN\EasyControl_HUN.vcxproj", "{4B6A7A75-36AE-4E93-A6A0-AA600182EEAC}"
EndProject
Project("{8BC9CEB8-8B4A-11D0-8D11-00A0C91BC942}") = "EasyControl_ELL", "EasyControl_ELL\EasyControl_ELL.vcxproj", "{75FA9237-37D2-4F49-907C-72A9F3CDAAEB}"
EndProject
Global
	GlobalSection(SolutionConfigurationPlatforms) = preSolution
		Debug|x64 = Debug|x64
		Release|x64 = Release|x64
	EndGlobalSection
	GlobalSection(ProjectConfigurationPlatforms) = postSolution
		{6E547BB2-E9BE-45DA-8751-F1386BE6DD0C}.Debug|x64.ActiveCfg = Debug|x64
		{6E547BB2-E9BE-45DA-8751-F1386BE6DD0C}.Debug|x64.Build.0 = Debug|x64
		{6E547BB2-E9BE-45DA-8751-F1386BE6DD0C}.Release|x64.ActiveCfg = Release|x64
		{6E547BB2-E9BE-45DA-8751-F1386BE6DD0C}.Release|x64.Build.0 = Release|x64
		{AB592A6E-7B7F-4F77-9D9D-618F24D8C87D}.Debug|x64.ActiveCfg = Debug|x64
		{AB592A6E-7B7F-4F77-9D9D-618F24D8C87D}.Debug|x64.Build.0 = Debug|x64
		{AB592A6E-7B7F-4F77-9D9D-618F24D8C87D}.Release|x64.ActiveCfg = Release|x64
		{AB592A6E-7B7F-4F77-9D9D-618F24D8C87D}.Release|x64.Build.0 = Release|x64
		{533AFFDF-F9B0-4A80-B79D-1B6841D5FD6F}.Debug|x64.ActiveCfg = Debug|x64
		{533AFFDF-F9B0-4A80-B79D-1B6841D5FD6F}.Debug|x64.Build.0 = Debug|x64
		{533AFFDF-F9B0-4A80-B79D-1B6841D5FD6F}.Release|x64.ActiveCfg = Release|x64
		{533AFFDF-F9B0-4A80-B79D-1B6841D5FD6F}.Release|x64.Build.0 = Release|x64
		{F3F14CE1-1A8C-4FB1-85C8-B6CCCB01C793}.Debug|x64.ActiveCfg = Debug|x64
		{F3F14CE1-1A8C-4FB1-85C8-B6CCCB01C793}.Debug|x64.Build.0 = Debug|x64
		{F3F14CE1-1A8C-4FB1-85C8-B6CCCB01C793}.Release|x64.ActiveCfg = Release|x64
		{F3F14CE1-1A8C-4FB1-85C8-B6CCCB01C793}.Release|x64.Build.0 = Release|x64
		{16BFFA23-A22E-4084-B4EA-EFBCBDFEF960}.Debug|x64.ActiveCfg = Debug|x64
		{16BFFA23-A22E-4084-B4EA-EFBCBDFEF960}.Debug|x64.Build.0 = Debug|x64
		{16BFFA23-A22E-4084-B4EA-EFBCBDFEF960}.Release|x64.ActiveCfg = Release|x64
		{16BFFA23-A22E-4084-B4EA-EFBCBDFEF960}.Release|x64.Build.0 = Release|x64
		{D8224C3E-3EE2-42F9-8C9C-652F9DABD6E2}.Debug|x64.ActiveCfg = Debug|x64
		{D8224C3E-3EE2-42F9-8C9C-652F9DABD6E2}.Debug|x64.Build.0 = Debug|x64
		{D8224C3E-3EE2-42F9-8C9C-652F9DABD6E2}.Release|x64.ActiveCfg = Release|x64
		{D8224C3E-3EE2-42F9-8C9C-652F9DABD6E2}.Release|x64.Build.0 = Release|x64
		{5B322D67-DD8A-4997-BAE8-9BC5A3799BC6}.Debug|x64.ActiveCfg = Debug|x64
		{5B322D67-DD8A-4997-BAE8-9BC5A3799BC6}.Debug|x64.Build.0 = Debug|x64
		{5B322D67-DD8A-4997-BAE8-9BC5A3799BC6}.Release|x64.ActiveCfg = Release|x64
		{5B322D67-DD8A-4997-BAE8-9BC5A3799BC6}.Release|x64.Build.0 = Release|x64
		{0B3AAADA-EA20-442B-BA79-8B907794312D}.Debug|x64.ActiveCfg = Debug|x64
		{0B3AAADA-EA20-442B-BA79-8B907794312D}.Debug|x64.Build.0 = Debug|x64
		{0B3AAADA-EA20-442B-BA79-8B907794312D}.Release|x64.ActiveCfg = Release|x64
		{0B3AAADA-EA20-442B-BA79-8B907794312D}.Release|x64.Build.0 = Release|x64
		{FF6F78AA-202A-45AA-A0AA-34849E2A6E07}.Debug|x64.ActiveCfg = Debug|x64
		{FF6F78AA-202A-45AA-A0AA-34849E2A6E07}.Debug|x64.Build.0 = Debug|x64
		{FF6F78AA-202A-45AA-A0AA-34849E2A6E07}.Release|x64.ActiveCfg = Release|x64
		{FF6F78AA-202A-45AA-A0AA-34849E2A6E07}.Release|x64.Build.0 = Release|x64
		{1792E18C-78C6-4F8F-8581-8A8ED0736FA8}.Debug|x64.ActiveCfg = Debug|x64
		{1792E18C-78C6-4F8F-8581-8A8ED0736FA8}.Debug|x64.Build.0 = Debug|x64
		{1792E18C-78C6-4F8F-8581-8A8ED0736FA8}.Release|x64.ActiveCfg = Release|x64
		{1792E18C-78C6-4F8F-8581-8A8ED0736FA8}.Release|x64.Build.0 = Release|x64
		{16A959BF-9BAB-4847-B831-861EE91D1BA5}.Debug|x64.ActiveCfg = Debug|x64
		{16A959BF-9BAB-4847-B831-861EE91D1BA5}.Debug|x64.Build.0 = Debug|x64
		{16A959BF-9BAB-4847-B831-861EE91D1BA5}.Release|x64.ActiveCfg = Release|x64
		{16A959BF-9BAB-4847-B831-861EE91D1BA5}.Release|x64.Build.0 = Release|x64
		{45CF4817-CFCE-46D6-9102-ED3ABD869221}.Debug|x64.ActiveCfg = Debug|x64
		{45CF4817-CFCE-46D6-9102-ED3ABD869221}.Debug|x64.Build.0 = Debug|x64
		{45CF4817-CFCE-46D6-9102-ED3ABD869221}.Release|x64.ActiveCfg = Release|x64
		{45CF4817-CFCE-46D6-9102-ED3ABD869221}.Release|x64.Build.0 = Release|x64
		{9DDEBFE2-045F-4034-8214-8FCD3DC20240}.Debug|x64.ActiveCfg = Debug|x64
		{9DDEBFE2-045F-4034-8214-8FCD3DC20240}.Debug|x64.Build.0 = Debug|x64
		{9DDEBFE2-045F-4034-8214-8FCD3DC20240}.Release|x64.ActiveCfg = Release|x64
		{9DDEBFE2-045F-4034-8214-8FCD3DC20240}.Release|x64.Build.0 = Release|x64
		{06415CAE-DF48-4772-B65F-26A73AF7783F}.Debug|x64.ActiveCfg = Debug|x64
		{06415CAE-DF48-4772-B65F-26A73AF7783F}.Debug|x64.Build.0 = Debug|x64
		{06415CAE-DF48-4772-B65F-26A73AF7783F}.Release|x64.ActiveCfg = Release|x64
		{06415CAE-DF48-4772-B65F-26A73AF7783F}.Release|x64.Build.0 = Release|x64
		{FD542F88-33A8-4BDB-BD87-68618632B644}.Debug|x64.ActiveCfg = Debug|x64
		{FD542F88-33A8-4BDB-BD87-68618632B644}.Debug|x64.Build.0 = Debug|x64
		{FD542F88-33A8-4BDB-BD87-68618632B644}.Release|x64.ActiveCfg = Release|x64
		{FD542F88-33A8-4BDB-BD87-68618632B644}.Release|x64.Build.0 = Release|x64
		{89C46D74-381F-47DD-AD41-BEF8FA017E5D}.Debug|x64.ActiveCfg = Debug|x64
		{89C46D74-381F-47DD-AD41-BEF8FA017E5D}.Debug|x64.Build.0 = Debug|x64
		{89C46D74-381F-47DD-AD41-BEF8FA017E5D}.Release|x64.ActiveCfg = Release|x64
		{89C46D74-381F-47DD-AD41-BEF8FA017E5D}.Release|x64.Build.0 = Release|x64
		{1EB7876B-8FFA-4347-9D68-76AA075D5822}.Debug|x64.ActiveCfg = Debug|x64
		{1EB7876B-8FFA-4347-9D68-76AA075D5822}.Debug|x64.Build.0 = Debug|x64
		{1EB7876B-8FFA-4347-9D68-76AA075D5822}.Release|x64.ActiveCfg = Release|x64
		{1EB7876B-8FFA-4347-9D68-76AA075D5822}.Release|x64.Build.0 = Release|x64
		{F7E3C886-CFAD-4C46-8042-01CD90C81F99}.Debug|x64.ActiveCfg = Debug|x64
		{F7E3C886-CFAD-4C46-8042-01CD90C81F99}.Debug|x64.Build.0 = Debug|x64
		{F7E3C886-CFAD-4C46-8042-01CD90C81F99}.Release|x64.ActiveCfg = Release|x64
		{F7E3C886-CFAD-4C46-8042-01CD90C81F99}.Release|x64.Build.0 = Release|x64
		{6FE1DC42-88B7-4EBD-A91F-73826B869961}.Debug|x64.ActiveCfg = Debug|x64
		{6FE1DC42-88B7-4EBD-A91F-73826B869961}.Debug|x64.Build.0 = Debug|x64
		{6FE1DC42-88B7-4EBD-A91F-73826B869961}.Release|x64.ActiveCfg = Release|x64
		{6FE1DC42-88B7-4EBD-A91F-73826B869961}.Release|x64.Build.0 = Release|x64
		{43CF3DC6-9AFF-49B8-BA3E-AC1089942D1C}.Debug|x64.ActiveCfg = Debug|x64
		{43CF3DC6-9AFF-49B8-BA3E-AC1089942D1C}.Debug|x64.Build.0 = Debug|x64
		{43CF3DC6-9AFF-49B8-BA3E-AC1089942D1C}.Release|x64.ActiveCfg = Release|x64
		{43CF3DC6-9AFF-49B8-BA3E-AC1089942D1C}.Release|x64.Build.0 = Release|x64
		{5C33850E-9FFA-41CC-8DA8-1B384C882957}.Debug|x64.ActiveCfg = Debug|x64
		{5C33850E-9FFA-41CC-8DA8-1B384C882957}.Debug|x64.Build.0 = Debug|x64
		{5C33850E-9FFA-41CC-8DA8-1B384C882957}.Release|x64.ActiveCfg = Release|x64
		{5C33850E-9FFA-41CC-8DA8-1B384C882957}.Release|x64.Build.0 = Release|x64
		{F2916507-F24B-450C-8B8F-62A32B2576CF}.Debug|x64.ActiveCfg = Debug|x64
		{F2916507-F24B-450C-8B8F-62A32B2576CF}.Debug|x64.Build.0 = Debug|x64
		{F2916507-F24B-450C-8B8F-62A32B2576CF}.Release|x64.ActiveCfg = Release|x64
		{F2916507-F24B-450C-8B8F-62A32B2576CF}.Release|x64.Build.0 = Release|x64
		{5DAA81F8-6325-4D5B-9F81-9D7AB0E144EA}.Debug|x64.ActiveCfg = Debug|x64
		{5DAA81F8-6325-4D5B-9F81-9D7AB0E144EA}.Debug|x64.Build.0 = Debug|x64
		{5DAA81F8-6325-4D5B-9F81-9D7AB0E144EA}.Release|x64.ActiveCfg = Release|x64
		{5DAA81F8-6325-4D5B-9F81-9D7AB0E144EA}.Release|x64.Build.0 = Release|x64
		{5753F7FE-E0B4-448B-AD2E-8137E814DC7D}.Debug|x64.ActiveCfg = Debug|x64
		{5753F7FE-E0B4-448B-AD2E-8137E814DC7D}.Debug|x64.Build.0 = Debug|x64
		{5753F7FE-E0B4-448B-AD2E-8137E814DC7D}.Release|x64.ActiveCfg = Release|x64
		{5753F7FE-E0B4-448B-AD2E-8137E814DC7D}.Release|x64.Build.0 = Release|x64
		{9DECC773-F8F5-48AE-A38A-99C6B4860276}.Debug|x64.ActiveCfg = Debug|x64
		{9DECC773-F8F5-48AE-A38A-99C6B4860276}.Debug|x64.Build.0 = Debug|x64
		{9DECC773-F8F5-48AE-A38A-99C6B4860276}.Release|x64.ActiveCfg = Release|x64
		{9DECC773-F8F5-48AE-A38A-99C6B4860276}.Release|x64.Build.0 = Release|x64
		{4B318975-B90B-44D2-9CB2-7BF6B8C3B59A}.Debug|x64.ActiveCfg = Debug|x64
		{4B318975-B90B-44D2-9CB2-7BF6B8C3B59A}.Debug|x64.Build.0 = Debug|x64
		{4B318975-B90B-44D2-9CB2-7BF6B8C3B59A}.Release|x64.ActiveCfg = Release|x64
		{4B318975-B90B-44D2-9CB2-7BF6B8C3B59A}.Release|x64.Build.0 = Release|x64
		{4B6A7A75-36AE-4E93-A6A0-AA600182EEAC}.Debug|x64.ActiveCfg = Debug|x64
		{4B6A7A75-36AE-4E93-A6A0-AA600182EEAC}.Debug|x64.Build.0 = Debug|x64
		{4B6A7A75-36AE-4E93-A6A0-AA600182EEAC}.Release|x64.ActiveCfg = Release|x64
		{4B6A7A75-36AE-4E93-A6A0-AA600182EEAC}.Release|x64.Build.0 = Release|x64
		{75FA9237-37D2-4F49-907C-72A9F3CDAAEB}.Debug|x64.ActiveCfg = Debug|x64
		{75FA9237-37D2-4F49-907C-72A9F3CDAAEB}.Debug|x64.Build.0 = Debug|x64
		{75FA9237-37D2-4F49-907C-72A9F3CDAAEB}.Release|x64.ActiveCfg = Release|x64
		{75FA9237-37D2-4F49-907C-72A9F3CDAAEB}.Release|x64.Build.0 = Release|x64
	EndGlobalSection
	GlobalSection(SolutionProperties) = preSolution
		HideSolutionNode = FALSE
	EndGlobalSection
	GlobalSection(NestedProjects) = preSolution
		{F3F14CE1-1A8C-4FB1-85C8-B6CCCB01C793} = {3B9EB247-E16F-485F-BBE2-31DE09223076}
		{16BFFA23-A22E-4084-B4EA-EFBCBDFEF960} = {58D7E20D-DB96-477A-96D9-164495C9C674}
		{D8224C3E-3EE2-42F9-8C9C-652F9DABD6E2} = {3B9EB247-E16F-485F-BBE2-31DE09223076}
		{5B322D67-DD8A-4997-BAE8-9BC5A3799BC6} = {3B9EB247-E16F-485F-BBE2-31DE09223076}
		{0B3AAADA-EA20-442B-BA79-8B907794312D} = {58D7E20D-DB96-477A-96D9-164495C9C674}
		{FF6F78AA-202A-45AA-A0AA-34849E2A6E07} = {58D7E20D-DB96-477A-96D9-164495C9C674}
		{45CF4817-CFCE-46D6-9102-ED3ABD869221} = {F2BED24D-3435-460E-AD73-89330EDC8517}
		{06415CAE-DF48-4772-B65F-26A73AF7783F} = {F2BED24D-3435-460E-AD73-89330EDC8517}
		{FD542F88-33A8-4BDB-BD87-68618632B644} = {F2BED24D-3435-460E-AD73-89330EDC8517}
		{89C46D74-381F-47DD-AD41-BEF8FA017E5D} = {F2BED24D-3435-460E-AD73-89330EDC8517}
		{1EB7876B-8FFA-4347-9D68-76AA075D5822} = {F2BED24D-3435-460E-AD73-89330EDC8517}
		{F7E3C886-CFAD-4C46-8042-01CD90C81F99} = {F2BED24D-3435-460E-AD73-89330EDC8517}
		{43CF3DC6-9AFF-49B8-BA3E-AC1089942D1C} = {3B9EB247-E16F-485F-BBE2-31DE09223076}
		{5C33850E-9FFA-41CC-8DA8-1B384C882957} = {F2BED24D-3435-460E-AD73-89330EDC8517}
		{F2916507-F24B-450C-8B8F-62A32B2576CF} = {F2BED24D-3435-460E-AD73-89330EDC8517}
		{5753F7FE-E0B4-448B-AD2E-8137E814DC7D} = {F2BED24D-3435-460E-AD73-89330EDC8517}
		{9DECC773-F8F5-48AE-A38A-99C6B4860276} = {F2BED24D-3435-460E-AD73-89330EDC8517}
		{4B318975-B90B-44D2-9CB2-7BF6B8C3B59A} = {F2BED24D-3435-460E-AD73-89330EDC8517}
		{4B6A7A75-36AE-4E93-A6A0-AA600182EEAC} = {F2BED24D-3435-460E-AD73-89330EDC8517}
		{75FA9237-37D2-4F49-907C-72A9F3CDAAEB} = {F2BED24D-3435-460E-AD73-89330EDC8517}
	EndGlobalSection
	GlobalSection(ExtensibilityGlobals) = postSolution
		SolutionGuid = {AC4D03AF-AAD9-40F4-B644-D59562BC45D8}
	EndGlobalSection
EndGlobal
