<?xml version="1.0" encoding="utf-8"?>
<Project ToolsVersion="4.0" xmlns="http://schemas.microsoft.com/developer/msbuild/2003">
  <ItemGroup>
    <Filter Include="Quelldateien">
      <UniqueIdentifier>{feb3494c-0b26-424a-b629-99ecc15c5dd4}</UniqueIdentifier>
      <Extensions>cpp;c;cxx;def;odl;idl;hpj;bat;asm</Extensions>
    </Filter>
    <Filter Include="Quelldateien\Tools">
      <UniqueIdentifier>{b99aecf6-3abe-4652-88ff-a88c2bf3cb13}</UniqueIdentifier>
    </Filter>
    <Filter Include="Headerdateien">
      <UniqueIdentifier>{30f8d9fb-a60f-4d92-b700-ff5a4673e67b}</UniqueIdentifier>
      <Extensions>h;hpp;hxx;hm;inl;inc</Extensions>
    </Filter>
    <Filter Include="Lib">
      <UniqueIdentifier>{9906178e-e462-47d1-8362-2b1e382b121a}</UniqueIdentifier>
    </Filter>
    <Filter Include="Quelldateien\License">
      <UniqueIdentifier>{56e884b1-7061-436f-afb9-46722229741b}</UniqueIdentifier>
    </Filter>
    <Filter Include="Quelldateien\Settings">
      <UniqueIdentifier>{75bc4baf-1930-4079-af5b-65fba58286b2}</UniqueIdentifier>
    </Filter>
    <Filter Include="Quelldateien\AlarmArchive">
      <UniqueIdentifier>{c4e7ccff-ccef-4293-a55f-0985e2db4ecb}</UniqueIdentifier>
    </Filter>
    <Filter Include="Quelldateien\Diagram">
      <UniqueIdentifier>{e81de3db-9b74-4c2d-81f6-568c377aea9e}</UniqueIdentifier>
    </Filter>
    <Filter Include="Quelldateien\Recipe">
      <UniqueIdentifier>{c89f08db-411d-4add-b675-e4d8546b34c4}</UniqueIdentifier>
    </Filter>
    <Filter Include="Quelldateien\Prozess">
      <UniqueIdentifier>{cf941995-ed97-47cb-baff-8832e6c0bdea}</UniqueIdentifier>
    </Filter>
    <Filter Include="Quelldateien\Prozess\FeederDisplay">
      <UniqueIdentifier>{a8c2a235-6dda-4d11-8e04-8989067e8cdf}</UniqueIdentifier>
    </Filter>
    <Filter Include="Quelldateien\Prozess\FeederDisplay\DoseContainer">
      <UniqueIdentifier>{c9646187-ece0-42b3-a7d5-4b3c54954d07}</UniqueIdentifier>
    </Filter>
    <Filter Include="Quelldateien\Prozess\Property">
      <UniqueIdentifier>{590cb13a-657f-4bff-a35e-d6782da726d2}</UniqueIdentifier>
    </Filter>
    <Filter Include="Quelldateien\Prozess\InfoBox">
      <UniqueIdentifier>{158b26c1-9fb3-4d03-941e-071e1bd4de93}</UniqueIdentifier>
    </Filter>
    <Filter Include="Quelldateien\Prozess\LineTab">
      <UniqueIdentifier>{2c75f274-d324-497e-8803-526a49242d33}</UniqueIdentifier>
    </Filter>
    <Filter Include="Quelldateien\Login">
      <UniqueIdentifier>{acfc6409-84f8-413e-abe7-26fe43b72c2b}</UniqueIdentifier>
    </Filter>
    <Filter Include="LogLevel">
      <UniqueIdentifier>{eb5c25a5-3ea3-426f-ad35-1f1408249713}</UniqueIdentifier>
    </Filter>
    <Filter Include="Quelldateien\Prozess\SpeedBox">
      <UniqueIdentifier>{a4ef365e-fd67-4b64-931d-bc8348a5541d}</UniqueIdentifier>
    </Filter>
    <Filter Include="Quelldateien\Prozess\FeederDisplay\DoseContainer\Batcher">
      <UniqueIdentifier>{68772bb7-56c2-4206-be8f-176222d7f140}</UniqueIdentifier>
    </Filter>
    <Filter Include="Quelldateien\Prozess\FeederDisplay\DoseContainer\Continous">
      <UniqueIdentifier>{9fe0718c-1e0f-410b-881d-7e4f3ccff9ae}</UniqueIdentifier>
    </Filter>
    <Filter Include="Quelldateien\Prozess\LineTab\LineSettings">
      <UniqueIdentifier>{814d8a85-07a2-433d-874f-fd621437bcd1}</UniqueIdentifier>
    </Filter>
    <Filter Include="Quelldateien\Prozess\ScaleBox">
      <UniqueIdentifier>{61215a3f-27d8-4564-846f-db0ad14b96cd}</UniqueIdentifier>
    </Filter>
    <Filter Include="Quelldateien\Prozess\RefillBox">
      <UniqueIdentifier>{f951cd2f-6b55-47a2-bbb8-ab576b6d4512}</UniqueIdentifier>
    </Filter>
    <Filter Include="Quelldateien\Prozess\ProductDatabaseBox">
      <UniqueIdentifier>{7460d320-05cb-47b2-9173-f6119336251b}</UniqueIdentifier>
    </Filter>
    <Filter Include="Quelldateien\Prozess\FeederDisplay\LWF">
      <UniqueIdentifier>{1d8e4c54-b6b5-400a-aa1a-65f8f4ca289f}</UniqueIdentifier>
    </Filter>
    <Filter Include="Quelldateien\Prozess\FeederDisplay\PID">
      <UniqueIdentifier>{3e2dba2c-ef75-471d-b1d3-19699582e839}</UniqueIdentifier>
    </Filter>
    <Filter Include="Quelldateien\Prozess\FeederDisplay\ICP">
      <UniqueIdentifier>{43999257-395c-4c86-b51e-58591b408e8b}</UniqueIdentifier>
    </Filter>
    <Filter Include="Quelldateien\Prozess\FeederDisplay\WBM">
      <UniqueIdentifier>{33c57a0c-d3e0-4252-a4ab-08891a956f7f}</UniqueIdentifier>
    </Filter>
    <Filter Include="Quelldateien\Prozess\FeederDisplay\VOL">
      <UniqueIdentifier>{9e89bfdf-0da8-4409-afdd-904d798d5f72}</UniqueIdentifier>
    </Filter>
    <Filter Include="Quelldateien\Prozess\Property\IFS">
      <UniqueIdentifier>{05b8e6d1-b156-4c36-b257-5a366610488c}</UniqueIdentifier>
    </Filter>
    <Filter Include="Quelldateien\Prozess\Property\IFL">
      <UniqueIdentifier>{ad70489e-6574-49b9-a086-ebc461e03e03}</UniqueIdentifier>
    </Filter>
    <Filter Include="Quelldateien\Prozess\Property\Calibration">
      <UniqueIdentifier>{87621fc2-d6cc-4901-9822-90464740a75f}</UniqueIdentifier>
    </Filter>
    <Filter Include="Quelldateien\Prozess\WeightDemo">
      <UniqueIdentifier>{69c60bf4-beb6-4090-af4b-a145d8d710d9}</UniqueIdentifier>
    </Filter>
    <Filter Include="Quelldateien\Prozess\Property\ICP">
      <UniqueIdentifier>{d45cf348-809c-4edd-b141-ad8cda3ee681}</UniqueIdentifier>
    </Filter>
    <Filter Include="Quelldateien\Prozess\Property\ICB">
      <UniqueIdentifier>{b2db79d5-7974-43f1-be49-8d3f7be55e7e}</UniqueIdentifier>
    </Filter>
    <Filter Include="Quelldateien\Prozess\Property\LCL">
      <UniqueIdentifier>{7c206c9c-c858-41c9-85de-d92d9bab16d1}</UniqueIdentifier>
    </Filter>
    <Filter Include="Quelldateien\Prozess\Property\LWB">
      <UniqueIdentifier>{f7ad50c1-0a50-426a-b935-7f6d20593ff7}</UniqueIdentifier>
    </Filter>
    <Filter Include="Quelldateien\Prozess\Property\LWF">
      <UniqueIdentifier>{b75b7a3f-1a83-479e-8234-6e80a5af70fe}</UniqueIdentifier>
    </Filter>
    <Filter Include="Quelldateien\Prozess\Property\PID">
      <UniqueIdentifier>{edf421be-c51a-47a6-ba65-1b0f87192e87}</UniqueIdentifier>
    </Filter>
    <Filter Include="Quelldateien\Prozess\Property\VOL">
      <UniqueIdentifier>{9cce44a8-3379-4e6e-9ba9-c28e802aa2c2}</UniqueIdentifier>
    </Filter>
    <Filter Include="Quelldateien\Prozess\Property\WBF">
      <UniqueIdentifier>{b084a62e-f3a9-4b17-8dbb-17ee38531e07}</UniqueIdentifier>
    </Filter>
    <Filter Include="Quelldateien\Prozess\Property\WBM">
      <UniqueIdentifier>{ae54cb24-9092-4d41-b9e2-2e6c831cc42d}</UniqueIdentifier>
    </Filter>
    <Filter Include="Quelldateien\Prozess\FeederDisplay\IFL">
      <UniqueIdentifier>{b2312cda-8729-4209-b870-1f16dfab5c7b}</UniqueIdentifier>
    </Filter>
    <Filter Include="Quelldateien\Prozess\FeederDisplay\IFS">
      <UniqueIdentifier>{622113b3-0426-419b-898e-13f754fef755}</UniqueIdentifier>
    </Filter>
    <Filter Include="Quelldateien\Prozess\FeederDisplay\LCL">
      <UniqueIdentifier>{eae4d7cd-cdbc-4172-bc6c-2c56f114a307}</UniqueIdentifier>
    </Filter>
    <Filter Include="Quelldateien\Shutdown">
      <UniqueIdentifier>{a1b77b5c-1c07-477b-80ba-2b8a0b40f0cd}</UniqueIdentifier>
    </Filter>
    <Filter Include="Quelldateien\Prozess\FeederDisplay\DoseContainer\Buttons">
      <UniqueIdentifier>{2355bcb4-e021-4831-af11-5ad4700c7f86}</UniqueIdentifier>
    </Filter>
    <Filter Include="Quelldateien\Prozess\FeederDisplay\LWF\LWS">
      <UniqueIdentifier>{ebc37a8c-4204-4bfa-a1e9-64862a55142a}</UniqueIdentifier>
    </Filter>
    <Filter Include="Quelldateien\Prozess\FeederDisplay\LWF\LWP">
      <UniqueIdentifier>{ea94be5c-93d4-4c38-9a64-b5fa5c520e35}</UniqueIdentifier>
    </Filter>
    <Filter Include="Quelldateien\Prozess\FeederDisplay\LWF\LWV">
      <UniqueIdentifier>{796bebeb-a5b3-4b10-b3aa-ab7f25f5b2eb}</UniqueIdentifier>
    </Filter>
    <Filter Include="Quelldateien\Prozess\FeederDisplay\LWF\LWB">
      <UniqueIdentifier>{03f9e4cc-f3ee-4fd7-9349-596eba439610}</UniqueIdentifier>
    </Filter>
    <Filter Include="Quelldateien\Prozess\FeederDisplay\LWF\GWB">
      <UniqueIdentifier>{2b1a0ae3-0486-490d-a9db-e4d9a12ccd92}</UniqueIdentifier>
    </Filter>
    <Filter Include="Quelldateien\Prozess\FeederDisplay\ICB">
      <UniqueIdentifier>{6b3a7708-90dc-4698-b145-48e6b2c70260}</UniqueIdentifier>
    </Filter>
    <Filter Include="Quelldateien\Prozess\FeederDisplay\WBF">
      <UniqueIdentifier>{1e7181de-db21-448d-8731-0ee1d5a08399}</UniqueIdentifier>
    </Filter>
  </ItemGroup>
  <ItemGroup>
    <ClCompile Include="LoadResource.cpp">
      <Filter>Quelldateien</Filter>
    </ClCompile>
    <ClCompile Include="MainFrm.cpp">
      <Filter>Quelldateien</Filter>
    </ClCompile>
    <ClCompile Include="Splash.cpp">
      <Filter>Quelldateien</Filter>
    </ClCompile>
    <ClCompile Include="stdafx.cpp">
      <Filter>Quelldateien</Filter>
    </ClCompile>
    <ClCompile Include="RecView.cpp">
      <Filter>Quelldateien\Diagram</Filter>
    </ClCompile>
    <ClCompile Include="ChildFrm.cpp">
      <Filter>Quelldateien\Prozess</Filter>
    </ClCompile>
    <ClCompile Include="DosePropertySheet.cpp">
      <Filter>Quelldateien\Prozess\Property</Filter>
    </ClCompile>
    <ClCompile Include="EditCtrl.cpp">
      <Filter>Quelldateien\Tools</Filter>
    </ClCompile>
    <ClCompile Include="RemoteControl.cpp">
      <Filter>Quelldateien</Filter>
    </ClCompile>
    <ClCompile Include="GlobalConst.cpp">
      <Filter>Quelldateien</Filter>
    </ClCompile>
    <ClCompile Include="PidMotorPage.cpp">
      <Filter>Quelldateien\Prozess\Property\PID</Filter>
    </ClCompile>
    <ClCompile Include="PidRecipePage.cpp">
      <Filter>Quelldateien\Prozess\Property\PID</Filter>
    </ClCompile>
    <ClCompile Include="PidAlarmPage.cpp">
      <Filter>Quelldateien\Prozess\Property\PID</Filter>
    </ClCompile>
    <ClCompile Include="LwfRecipePage.cpp">
      <Filter>Quelldateien\Prozess\Property\LWF</Filter>
    </ClCompile>
    <ClCompile Include="VolAlarmPage.cpp">
      <Filter>Quelldateien\Prozess\Property\VOL</Filter>
    </ClCompile>
    <ClCompile Include="IcpAlarmPage.cpp">
      <Filter>Quelldateien\Prozess\Property\ICP</Filter>
    </ClCompile>
    <ClCompile Include="IcpMotorPage.cpp">
      <Filter>Quelldateien\Prozess\Property\ICP</Filter>
    </ClCompile>
    <ClCompile Include="IcpRecipePage.cpp">
      <Filter>Quelldateien\Prozess\Property\ICP</Filter>
    </ClCompile>
    <ClCompile Include="VolMotorPage.cpp">
      <Filter>Quelldateien\Prozess\Property\VOL</Filter>
    </ClCompile>
    <ClCompile Include="VolRecipePage.cpp">
      <Filter>Quelldateien\Prozess\Property\VOL</Filter>
    </ClCompile>
    <ClCompile Include="LwfMotorPage.cpp">
      <Filter>Quelldateien\Prozess\Property\LWF</Filter>
    </ClCompile>
    <ClCompile Include="AlertPage.cpp">
      <Filter>Quelldateien\Prozess\Property</Filter>
    </ClCompile>
    <ClCompile Include="LwfAlarmPage.cpp">
      <Filter>Quelldateien\Prozess\Property\LWF</Filter>
    </ClCompile>
    <ClCompile Include="WbfAlarmPage.cpp">
      <Filter>Quelldateien\Prozess\Property\WBF</Filter>
    </ClCompile>
    <ClCompile Include="WbfMotorPage.cpp">
      <Filter>Quelldateien\Prozess\Property\WBF</Filter>
    </ClCompile>
    <ClCompile Include="WbfRecipePage.cpp">
      <Filter>Quelldateien\Prozess\Property\WBF</Filter>
    </ClCompile>
    <ClCompile Include="WbmAlarmPage.cpp">
      <Filter>Quelldateien\Prozess\Property\WBM</Filter>
    </ClCompile>
    <ClCompile Include="WbmMotorPage.cpp">
      <Filter>Quelldateien\Prozess\Property\WBM</Filter>
    </ClCompile>
    <ClCompile Include="WbmRecipePage.cpp">
      <Filter>Quelldateien\Prozess\Property\WBM</Filter>
    </ClCompile>
    <ClCompile Include="DosePage.cpp">
      <Filter>Quelldateien\Prozess\Property</Filter>
    </ClCompile>
    <ClCompile Include="WrapperBase.cpp">
      <Filter>Quelldateien</Filter>
    </ClCompile>
    <ClCompile Include="EasyControlDoc.cpp">
      <Filter>Quelldateien\Prozess</Filter>
    </ClCompile>
    <ClCompile Include="EasyControlView.cpp">
      <Filter>Quelldateien\Prozess</Filter>
    </ClCompile>
    <ClCompile Include="EasyControl.cpp">
      <Filter>Quelldateien</Filter>
    </ClCompile>
    <ClCompile Include="DoseBaseNominalGrafik.cpp">
      <Filter>Quelldateien\Prozess\FeederDisplay\DoseContainer</Filter>
    </ClCompile>
    <ClCompile Include="GrafikContext.cpp">
      <Filter>Quelldateien\Prozess\FeederDisplay\DoseContainer</Filter>
    </ClCompile>
    <ClCompile Include="EasyControlLayout.cpp">
      <Filter>Quelldateien\Prozess</Filter>
    </ClCompile>
    <ClCompile Include="RecipeDoc.cpp">
      <Filter>Quelldateien\Recipe</Filter>
    </ClCompile>
    <ClCompile Include="RecipeFrame.cpp">
      <Filter>Quelldateien\Recipe</Filter>
    </ClCompile>
    <ClCompile Include="RecipeView.cpp">
      <Filter>Quelldateien\Recipe</Filter>
    </ClCompile>
    <ClCompile Include="SettingsRecipePage.cpp">
      <Filter>Quelldateien\Settings</Filter>
    </ClCompile>
    <ClCompile Include="SettingsAlarmConfigPage.cpp">
      <Filter>Quelldateien\Settings</Filter>
    </ClCompile>
    <ClCompile Include="SettingsLayoutPage.cpp">
      <Filter>Quelldateien\Settings</Filter>
    </ClCompile>
    <ClCompile Include="SettingsPathPage.cpp">
      <Filter>Quelldateien\Settings</Filter>
    </ClCompile>
    <ClCompile Include="SettingsRemotePage.cpp">
      <Filter>Quelldateien\Settings</Filter>
    </ClCompile>
    <ClCompile Include="SettingsPropertySheet.cpp">
      <Filter>Quelldateien\Settings</Filter>
    </ClCompile>
    <ClCompile Include="SettingsUserLoginPage.cpp">
      <Filter>Quelldateien\Settings</Filter>
    </ClCompile>
    <ClCompile Include="SingleUserDlg.cpp">
      <Filter>Quelldateien\Login</Filter>
    </ClCompile>
    <ClCompile Include="UserNameDlg.cpp">
      <Filter>Quelldateien\Login</Filter>
    </ClCompile>
    <ClCompile Include="NewPasswordDlg.cpp">
      <Filter>Quelldateien\Login</Filter>
    </ClCompile>
    <ClCompile Include="AlarmArchiveDoc.cpp">
      <Filter>Quelldateien\AlarmArchive</Filter>
    </ClCompile>
    <ClCompile Include="AlarmArchiveFrame.cpp">
      <Filter>Quelldateien\AlarmArchive</Filter>
    </ClCompile>
    <ClCompile Include="AlarmArchiveView.cpp">
      <Filter>Quelldateien\AlarmArchive</Filter>
    </ClCompile>
    <ClCompile Include="LCStatus.cpp">
      <Filter>Quelldateien</Filter>
    </ClCompile>
    <ClCompile Include="DataImage.cpp">
      <Filter>Quelldateien</Filter>
    </ClCompile>
    <ClCompile Include="DiagramDoc.cpp">
      <Filter>Quelldateien\Diagram</Filter>
    </ClCompile>
    <ClCompile Include="DiagramFrame.cpp">
      <Filter>Quelldateien\Diagram</Filter>
    </ClCompile>
    <ClCompile Include="DiagramView.cpp">
      <Filter>Quelldateien\Diagram</Filter>
    </ClCompile>
    <ClCompile Include="DiagramBaseView.cpp">
      <Filter>Quelldateien\Diagram</Filter>
    </ClCompile>
    <ClCompile Include="Recorder.cpp">
      <Filter>Quelldateien</Filter>
    </ClCompile>
    <ClCompile Include="DateTimePicker.cpp">
      <Filter>Quelldateien\Diagram</Filter>
    </ClCompile>
    <ClCompile Include="RecipeHelper.cpp">
      <Filter>Quelldateien\Recipe</Filter>
    </ClCompile>
    <ClCompile Include="ECMessageBox.cpp">
      <Filter>Quelldateien</Filter>
    </ClCompile>
    <ClCompile Include="XLicense\LicenseLib\license.cpp">
      <Filter>Quelldateien\License</Filter>
    </ClCompile>
    <ClCompile Include="XLicense\LicenseLib\hostid.cpp">
      <Filter>Quelldateien\License</Filter>
    </ClCompile>
    <ClCompile Include="InfoBox.cpp">
      <Filter>Quelldateien\Prozess\InfoBox</Filter>
    </ClCompile>
    <ClCompile Include="MFCMacros.cpp">
      <Filter>Quelldateien</Filter>
    </ClCompile>
    <ClCompile Include="TextProgressCtrl.cpp">
      <Filter>Quelldateien</Filter>
    </ClCompile>
    <ClCompile Include="AlarmConfigPage.cpp">
      <Filter>Quelldateien\Prozess\Property</Filter>
    </ClCompile>
    <ClCompile Include="LineTabCtrl.cpp">
      <Filter>Quelldateien\Prozess\LineTab</Filter>
    </ClCompile>
    <ClCompile Include="LineTabTotalizer.cpp">
      <Filter>Quelldateien\Prozess\LineTab</Filter>
    </ClCompile>
    <ClCompile Include="LineTabExtern.cpp">
      <Filter>Quelldateien\Prozess\LineTab</Filter>
    </ClCompile>
    <ClCompile Include="LineTabOverview.cpp">
      <Filter>Quelldateien\Prozess\LineTab</Filter>
    </ClCompile>
    <ClCompile Include="OverviewGaugeCtrl.cpp">
      <Filter>Quelldateien\Prozess\LineTab</Filter>
    </ClCompile>
    <ClCompile Include="PasswordDlg.cpp">
      <Filter>Quelldateien\Login</Filter>
    </ClCompile>
    <ClCompile Include="XLicense\LicenseLib\IdentifyB.cpp">
      <Filter>Quelldateien\License</Filter>
    </ClCompile>
    <ClCompile Include="AlarmMap.cpp">
      <Filter>Quelldateien</Filter>
    </ClCompile>
    <ClCompile Include="AlarmLog.cpp">
      <Filter>Quelldateien</Filter>
    </ClCompile>
    <ClCompile Include="AlarmCtrl.cpp">
      <Filter>Quelldateien</Filter>
    </ClCompile>
    <ClCompile Include="ToolTipDlg.cpp">
      <Filter>Quelldateien</Filter>
    </ClCompile>
    <ClCompile Include="FormatMetric.cpp">
      <Filter>Quelldateien</Filter>
    </ClCompile>
    <ClCompile Include="AlarmConfigCtrl.cpp">
      <Filter>Quelldateien</Filter>
    </ClCompile>
    <ClCompile Include="AlertCtrl.cpp">
      <Filter>Quelldateien</Filter>
    </ClCompile>
    <ClCompile Include="FeederDisplay.cpp">
      <Filter>Quelldateien\Prozess\FeederDisplay\DoseContainer</Filter>
    </ClCompile>
    <ClCompile Include="MainFrmStatusBar.cpp">
      <Filter>Quelldateien</Filter>
    </ClCompile>
    <ClCompile Include="RecipeGaugeCtrl.cpp">
      <Filter>Quelldateien\Recipe</Filter>
    </ClCompile>
    <ClCompile Include="DiagramScaleDlg.cpp">
      <Filter>Quelldateien\Diagram</Filter>
    </ClCompile>
    <ClCompile Include="SpeedBoxDlg.cpp">
      <Filter>Quelldateien\Prozess\SpeedBox</Filter>
    </ClCompile>
    <ClCompile Include="AgitatorSpeedBoxDlg.cpp">
      <Filter>Quelldateien\Prozess\SpeedBox</Filter>
    </ClCompile>
    <ClCompile Include="EmptyFeederSpeedBoxDlg.cpp">
      <Filter>Quelldateien\Prozess\SpeedBox</Filter>
    </ClCompile>
    <ClCompile Include="LwbRecipePage.cpp">
      <Filter>Quelldateien\Prozess\Property\LWB</Filter>
    </ClCompile>
    <ClCompile Include="LwbMotorPage.cpp">
      <Filter>Quelldateien\Prozess\Property\LWB</Filter>
    </ClCompile>
    <ClCompile Include="MaxGrossSpeedBoxDlg.cpp">
      <Filter>Quelldateien\Prozess\SpeedBox</Filter>
    </ClCompile>
    <ClCompile Include="MaxFineSpeedBoxDlg.cpp">
      <Filter>Quelldateien\Prozess\SpeedBox</Filter>
    </ClCompile>
    <ClCompile Include="DoseBatcherActualGrafik.cpp">
      <Filter>Quelldateien\Prozess\FeederDisplay\DoseContainer\Batcher</Filter>
    </ClCompile>
    <ClCompile Include="DoseContinousActualGrafik.cpp">
      <Filter>Quelldateien\Prozess\FeederDisplay\DoseContainer\Continous</Filter>
    </ClCompile>
    <ClCompile Include="DoseContinousNominalGrafik.cpp">
      <Filter>Quelldateien\Prozess\FeederDisplay\DoseContainer\Continous</Filter>
    </ClCompile>
    <ClCompile Include="DoseBaseActualGrafik.cpp">
      <Filter>Quelldateien\Prozess\FeederDisplay\DoseContainer</Filter>
    </ClCompile>
    <ClCompile Include="DoseBatcherNominalGrafik.cpp">
      <Filter>Quelldateien\Prozess\FeederDisplay\DoseContainer\Batcher</Filter>
    </ClCompile>
    <ClCompile Include="DoseButtonContinousGrafik.cpp">
      <Filter>Quelldateien\Prozess\FeederDisplay\DoseContainer\Continous</Filter>
    </ClCompile>
    <ClCompile Include="DoseButtonBatcherGrafik.cpp">
      <Filter>Quelldateien\Prozess\FeederDisplay\DoseContainer\Batcher</Filter>
    </ClCompile>
    <ClCompile Include="IcbRecipePage.cpp">
      <Filter>Quelldateien\Prozess\Property\ICB</Filter>
    </ClCompile>
    <ClCompile Include="SettingsProductListPage.cpp">
      <Filter>Quelldateien\Settings</Filter>
    </ClCompile>
    <ClCompile Include="ProductListCtrl.cpp">
      <Filter>Quelldateien</Filter>
    </ClCompile>
    <ClCompile Include="RefillFeederSpeedBoxDlg.cpp">
      <Filter>Quelldateien\Prozess\SpeedBox</Filter>
    </ClCompile>
    <ClCompile Include="FileHelper.cpp">
      <Filter>Quelldateien</Filter>
    </ClCompile>
    <ClCompile Include="LineExtSetpointDlg.cpp">
      <Filter>Quelldateien\Prozess\LineTab\LineSettings</Filter>
    </ClCompile>
    <ClCompile Include="LineRampDlg.cpp">
      <Filter>Quelldateien\Prozess\LineTab\LineSettings</Filter>
    </ClCompile>
    <ClCompile Include="LineSettingsDlg.cpp">
      <Filter>Quelldateien\Prozess\LineTab\LineSettings</Filter>
    </ClCompile>
    <ClCompile Include="ScaleBoxDlg.cpp">
      <Filter>Quelldateien\Prozess\ScaleBox</Filter>
    </ClCompile>
    <ClCompile Include="FeederScaleBoxDlg.cpp">
      <Filter>Quelldateien\Prozess\ScaleBox</Filter>
    </ClCompile>
    <ClCompile Include="ProductDatabaseBox.cpp">
      <Filter>Quelldateien\Prozess\ProductDatabaseBox</Filter>
    </ClCompile>
    <ClCompile Include="LclRecipePage.cpp">
      <Filter>Quelldateien\Prozess\Property\LCL</Filter>
    </ClCompile>
    <ClCompile Include="FeederDisplayLwf.cpp">
      <Filter>Quelldateien\Prozess\FeederDisplay\LWF</Filter>
    </ClCompile>
    <ClCompile Include="FeederDisplayPid.cpp">
      <Filter>Quelldateien\Prozess\FeederDisplay\PID</Filter>
    </ClCompile>
    <ClCompile Include="FeederDisplayIcp.cpp">
      <Filter>Quelldateien\Prozess\FeederDisplay\ICP</Filter>
    </ClCompile>
    <ClCompile Include="FeederDisplayGwb.cpp">
      <Filter>Quelldateien\Prozess\FeederDisplay\LWF\GWB</Filter>
    </ClCompile>
    <ClCompile Include="FeederDisplayWbm.cpp">
      <Filter>Quelldateien\Prozess\FeederDisplay\WBM</Filter>
    </ClCompile>
    <ClCompile Include="FeederDisplayVol.cpp">
      <Filter>Quelldateien\Prozess\FeederDisplay\VOL</Filter>
    </ClCompile>
    <ClCompile Include="LineSetpointLineDlg.cpp">
      <Filter>Quelldateien\Prozess\LineTab\LineSettings</Filter>
    </ClCompile>
    <ClCompile Include="LineSetpointLocalDlg.cpp">
      <Filter>Quelldateien\Prozess\LineTab\LineSettings</Filter>
    </ClCompile>
    <ClCompile Include="IfsRecipePage.cpp">
      <Filter>Quelldateien\Prozess\Property\IFS</Filter>
    </ClCompile>
    <ClCompile Include="GainFactorSpeedBoxDlg.cpp">
      <Filter>Quelldateien\Prozess\SpeedBox</Filter>
    </ClCompile>
    <ClCompile Include="ReduceFactorSpeedBoxDlg.cpp">
      <Filter>Quelldateien\Prozess\SpeedBox</Filter>
    </ClCompile>
    <ClCompile Include="IflRecipePage.cpp">
      <Filter>Quelldateien\Prozess\Property\IFL</Filter>
    </ClCompile>
    <ClCompile Include="CalibrationVolDlg.cpp">
      <Filter>Quelldateien\Prozess\Property\VOL</Filter>
    </ClCompile>
    <ClCompile Include="CalibrateProgressDlg.cpp">
      <Filter>Quelldateien\Prozess\Property\Calibration</Filter>
    </ClCompile>
    <ClCompile Include="CalibrationDlg.cpp">
      <Filter>Quelldateien\Prozess\Property\LWF</Filter>
    </ClCompile>
    <ClCompile Include="IflMotorPage.cpp">
      <Filter>Quelldateien\Prozess\Property\IFL</Filter>
    </ClCompile>
    <ClCompile Include="WeightDemoDlg.cpp">
      <Filter>Quelldateien\Prozess\WeightDemo</Filter>
    </ClCompile>
    <ClCompile Include="DoseContinousActualGrafikIfl.cpp">
      <Filter>Quelldateien\Prozess\FeederDisplay\IFL</Filter>
    </ClCompile>
    <ClCompile Include="FeederDisplayIfl.cpp">
      <Filter>Quelldateien\Prozess\FeederDisplay\IFL</Filter>
    </ClCompile>
    <ClCompile Include="FeederDisplayLcl.cpp">
      <Filter>Quelldateien\Prozess\FeederDisplay\LCL</Filter>
    </ClCompile>
    <ClCompile Include="LineTabMassflow.cpp">
      <Filter>Quelldateien\Prozess\LineTab</Filter>
    </ClCompile>
    <ClCompile Include="RefillGravBoxDlg.cpp">
      <Filter>Quelldateien\Prozess\RefillBox</Filter>
    </ClCompile>
    <ClCompile Include="RefillVolBoxDlg.cpp">
      <Filter>Quelldateien\Prozess\RefillBox</Filter>
    </ClCompile>
    <ClCompile Include="FeederDisplayIfs.cpp">
      <Filter>Quelldateien\Prozess\FeederDisplay\IFS</Filter>
    </ClCompile>
    <ClCompile Include="FeederDisplayIfso.cpp">
      <Filter>Quelldateien\Prozess\FeederDisplay\IFS</Filter>
    </ClCompile>
    <ClCompile Include="FeederDisplayIfsu.cpp">
      <Filter>Quelldateien\Prozess\FeederDisplay\IFS</Filter>
    </ClCompile>
    <ClCompile Include="DoseContinousActualGrafikIfs.cpp">
      <Filter>Quelldateien\Prozess\FeederDisplay\IFS</Filter>
    </ClCompile>
    <ClCompile Include="IfsAlarmPage.cpp">
      <Filter>Quelldateien\Prozess\Property\IFS</Filter>
    </ClCompile>
    <ClCompile Include="Shutdown.cpp">
      <Filter>Quelldateien\Shutdown</Filter>
    </ClCompile>
    <ClCompile Include="IfsSettingBoxDlg.cpp">
      <Filter>Quelldateien\Prozess\Property\IFS</Filter>
    </ClCompile>
    <ClCompile Include="DisplayContainer.cpp">
      <Filter>Quelldateien\Prozess\FeederDisplay\DoseContainer</Filter>
    </ClCompile>
    <ClCompile Include="DoseButtonGrafik.cpp">
      <Filter>Quelldateien\Prozess\FeederDisplay\DoseContainer\Buttons</Filter>
    </ClCompile>
    <ClCompile Include="DoseRefillButtonGrafik.cpp">
      <Filter>Quelldateien\Prozess\FeederDisplay\DoseContainer\Buttons</Filter>
    </ClCompile>
    <ClCompile Include="DoseRefillReleaseButtonGrafik.cpp">
      <Filter>Quelldateien\Prozess\FeederDisplay\DoseContainer\Buttons</Filter>
    </ClCompile>
    <ClCompile Include="DoseButtonGrafikContext.cpp">
      <Filter>Quelldateien\Prozess\FeederDisplay\DoseContainer\Buttons</Filter>
    </ClCompile>
    <ClCompile Include="FeederDisplayLws.cpp">
      <Filter>Quelldateien\Prozess\FeederDisplay\LWF\LWS</Filter>
    </ClCompile>
    <ClCompile Include="FeederDisplayLwp.cpp">
      <Filter>Quelldateien\Prozess\FeederDisplay\LWF\LWP</Filter>
    </ClCompile>
    <ClCompile Include="FeederDisplayLwv.cpp">
      <Filter>Quelldateien\Prozess\FeederDisplay\LWF\LWV</Filter>
    </ClCompile>
    <ClCompile Include="FeederDisplayLwb.cpp">
      <Filter>Quelldateien\Prozess\FeederDisplay\LWF\LWB</Filter>
    </ClCompile>
    <ClCompile Include="FeederDisplayIcb.cpp">
      <Filter>Quelldateien\Prozess\FeederDisplay\ICB</Filter>
    </ClCompile>
    <ClCompile Include="FeederDisplayWbf.cpp">
      <Filter>Quelldateien\Prozess\FeederDisplay\WBF</Filter>
    </ClCompile>
    <ClCompile Include="LineTotalizerPulseDlg.cpp">
      <Filter>Quelldateien\Prozess\LineTab\LineSettings</Filter>
    </ClCompile>
    <ClCompile Include="EditCtrlEx.cpp">
      <Filter>Quelldateien\Tools</Filter>
    </ClCompile>
    <ClCompile Include="HelpInfoDlg.cpp">
      <Filter>Quelldateien\Tools</Filter>
    </ClCompile>
    <ClCompile Include="HelpInfoDlgEx.cpp">
      <Filter>Quelldateien\Tools</Filter>
    </ClCompile>
    <ClCompile Include="ModelessDlg.cpp">
      <Filter>Quelldateien\Tools</Filter>
    </ClCompile>
    <ClCompile Include="BarChart.cpp">
      <Filter>Quelldateien\Prozess</Filter>
    </ClCompile>
    <ClCompile Include="LineTotalizerBox.cpp">
      <Filter>Quelldateien\Prozess</Filter>
    </ClCompile>
    <ClCompile Include="DoseProductNameGrafik.cpp">
      <Filter>Quelldateien\Prozess\FeederDisplay\DoseContainer</Filter>
    </ClCompile>
    <ClCompile Include="RecipeEditDlg.cpp">
      <Filter>Quelldateien\Recipe</Filter>
    </ClCompile>
  </ItemGroup>
  <ItemGroup>
    <ClInclude Include="WbfAlarmConfigPage.h">
      <Filter>Headerdateien</Filter>
    </ClInclude>
    <ClInclude Include="WbfAlarmPage.h">
      <Filter>Headerdateien</Filter>
    </ClInclude>
    <ClInclude Include="WbfAlertPage.h">
      <Filter>Headerdateien</Filter>
    </ClInclude>
    <ClInclude Include="WbfMotorPage.h">
      <Filter>Headerdateien</Filter>
    </ClInclude>
    <ClInclude Include="WbfRecipePage.h">
      <Filter>Headerdateien</Filter>
    </ClInclude>
    <ClInclude Include="WbmAlarmPage.h">
      <Filter>Headerdateien</Filter>
    </ClInclude>
    <ClInclude Include="WbmMotorPage.h">
      <Filter>Headerdateien</Filter>
    </ClInclude>
    <ClInclude Include="WbmRecipePage.h">
      <Filter>Headerdateien</Filter>
    </ClInclude>
    <ClInclude Include="wmuser.h">
      <Filter>Headerdateien</Filter>
    </ClInclude>
    <ClInclude Include="WrapperBase.h">
      <Filter>Headerdateien</Filter>
    </ClInclude>
    <ClInclude Include="VolAlarmPage.h">
      <Filter>Headerdateien</Filter>
    </ClInclude>
    <ClInclude Include="VolAlertPage.h">
      <Filter>Headerdateien</Filter>
    </ClInclude>
    <ClInclude Include="VolMotorPage.h">
      <Filter>Headerdateien</Filter>
    </ClInclude>
    <ClInclude Include="VolRecipePage.h">
      <Filter>Headerdateien</Filter>
    </ClInclude>
    <ClInclude Include="stdafx.h">
      <Filter>Headerdateien</Filter>
    </ClInclude>
    <ClInclude Include="TouchComboBox.h">
      <Filter>Headerdateien</Filter>
    </ClInclude>
    <ClInclude Include="TouchKeyboard.h">
      <Filter>Headerdateien</Filter>
    </ClInclude>
    <ClInclude Include="UserNameDlg.h">
      <Filter>Headerdateien</Filter>
    </ClInclude>
    <ClInclude Include="UserPage.h">
      <Filter>Headerdateien</Filter>
    </ClInclude>
    <ClInclude Include="PidAlertPage.h">
      <Filter>Headerdateien</Filter>
    </ClInclude>
    <ClInclude Include="PidMotorPage.h">
      <Filter>Headerdateien</Filter>
    </ClInclude>
    <ClInclude Include="PidRecipePage.h">
      <Filter>Headerdateien</Filter>
    </ClInclude>
    <ClInclude Include="Polygon.h">
      <Filter>Headerdateien</Filter>
    </ClInclude>
    <ClInclude Include="ProductionGrafik.h">
      <Filter>Headerdateien</Filter>
    </ClInclude>
    <ClInclude Include="RampButton.h">
      <Filter>Headerdateien</Filter>
    </ClInclude>
    <ClInclude Include="PidAlarmPage.h">
      <Filter>Headerdateien</Filter>
    </ClInclude>
    <ClInclude Include="LwfAlarmPage.h">
      <Filter>Headerdateien</Filter>
    </ClInclude>
    <ClInclude Include="LwfAlertPage.h">
      <Filter>Headerdateien</Filter>
    </ClInclude>
    <ClInclude Include="LwfMotorPage.h">
      <Filter>Headerdateien</Filter>
    </ClInclude>
    <ClInclude Include="LwfRecipePage.h">
      <Filter>Headerdateien</Filter>
    </ClInclude>
    <ClInclude Include="LwfAgitatorPage.h">
      <Filter>Headerdateien</Filter>
    </ClInclude>
    <ClInclude Include="LwfAlarmConfigPage.h">
      <Filter>Headerdateien</Filter>
    </ClInclude>
    <ClInclude Include="RecipeHelper.h">
      <Filter>Headerdateien</Filter>
    </ClInclude>
    <ClInclude Include="SettingsAlarmConfigPage.h">
      <Filter>Headerdateien</Filter>
    </ClInclude>
    <ClInclude Include="SettingsLayoutPage.h">
      <Filter>Headerdateien</Filter>
    </ClInclude>
    <ClInclude Include="SettingsRecipePage.h">
      <Filter>Headerdateien</Filter>
    </ClInclude>
    <ClInclude Include="SettingsPathPage.h">
      <Filter>Headerdateien</Filter>
    </ClInclude>
    <ClInclude Include="SettingsRemotePage.h">
      <Filter>Headerdateien</Filter>
    </ClInclude>
    <ClInclude Include="SettingsUserLoginPage.h">
      <Filter>Headerdateien</Filter>
    </ClInclude>
    <ClInclude Include="SingleUserDlg.h">
      <Filter>Headerdateien</Filter>
    </ClInclude>
    <ClInclude Include="NewPasswordDlg.h">
      <Filter>Headerdateien</Filter>
    </ClInclude>
    <ClInclude Include="AlarmArchiveDoc.h">
      <Filter>Headerdateien</Filter>
    </ClInclude>
    <ClInclude Include="AlarmArchiveFrame.h">
      <Filter>Headerdateien</Filter>
    </ClInclude>
    <ClInclude Include="AlarmArchiveView.h">
      <Filter>Headerdateien</Filter>
    </ClInclude>
    <ClInclude Include="WindowPosition.h">
      <Filter>Headerdateien</Filter>
    </ClInclude>
    <ClInclude Include="CalibrateDlg.h">
      <Filter>Headerdateien</Filter>
    </ClInclude>
    <ClInclude Include="CalibrateExtDlg.h">
      <Filter>Headerdateien</Filter>
    </ClInclude>
    <ClInclude Include="LCStatus.h">
      <Filter>Headerdateien</Filter>
    </ClInclude>
    <ClInclude Include="IGrafikHopper.h">
      <Filter>Headerdateien</Filter>
    </ClInclude>
    <ClInclude Include="FeederDisplay.h">
      <Filter>Headerdateien</Filter>
    </ClInclude>
    <ClInclude Include="FeederDisplayHopper.h">
      <Filter>Headerdateien</Filter>
    </ClInclude>
    <ClInclude Include="DiagramBar.h">
      <Filter>Headerdateien</Filter>
    </ClInclude>
    <ClInclude Include="DiagramConfigDlg.h">
      <Filter>Headerdateien</Filter>
    </ClInclude>
    <ClInclude Include="DiagramDoc.h">
      <Filter>Headerdateien</Filter>
    </ClInclude>
    <ClInclude Include="DiagramFrame.h">
      <Filter>Headerdateien</Filter>
    </ClInclude>
    <ClInclude Include="DiagramMenu.h">
      <Filter>Headerdateien</Filter>
    </ClInclude>
    <ClInclude Include="DiagramMenuData.h">
      <Filter>Headerdateien</Filter>
    </ClInclude>
    <ClInclude Include="DiagramView.h">
      <Filter>Headerdateien</Filter>
    </ClInclude>
    <ClInclude Include="DiagramViewMakro.h">
      <Filter>Headerdateien</Filter>
    </ClInclude>
    <ClInclude Include="DoseRecipePage.h">
      <Filter>Headerdateien</Filter>
    </ClInclude>
    <ClInclude Include="GaugeDriveCommand.h">
      <Filter>Headerdateien</Filter>
    </ClInclude>
    <ClInclude Include="GaugeMassflow.h">
      <Filter>Headerdateien</Filter>
    </ClInclude>
    <ClInclude Include="GaugeRotSpeed.h">
      <Filter>Headerdateien</Filter>
    </ClInclude>
    <ClInclude Include="ButtonLocalLine.h">
      <Filter>Headerdateien</Filter>
    </ClInclude>
    <ClInclude Include="ButtonVolGrav.h">
      <Filter>Headerdateien</Filter>
    </ClInclude>
    <ClInclude Include="DiagramBaseView.h">
      <Filter>Quelldateien\Diagram</Filter>
    </ClInclude>
    <ClInclude Include="WorkspaceBar.h">
      <Filter>Quelldateien\Diagram</Filter>
    </ClInclude>
    <ClInclude Include="DateTimePicker.h">
      <Filter>Quelldateien\Diagram</Filter>
    </ClInclude>
    <ClInclude Include="DataImage.h">
      <Filter>Headerdateien</Filter>
    </ClInclude>
    <ClInclude Include="XLicense\LicenseLib\identify.h">
      <Filter>Headerdateien</Filter>
    </ClInclude>
    <ClInclude Include="XLicense\LicenseLib\License.h">
      <Filter>Headerdateien</Filter>
    </ClInclude>
    <ClInclude Include="TotalizerDlg.h">
      <Filter>Headerdateien</Filter>
    </ClInclude>
    <ClInclude Include="XLicense\LicenseLib\hostid.h">
      <Filter>Headerdateien</Filter>
    </ClInclude>
    <ClInclude Include="CMemDC.h">
      <Filter>Headerdateien</Filter>
    </ClInclude>
    <ClInclude Include="CalibrationDlg.h">
      <Filter>Headerdateien</Filter>
    </ClInclude>
    <ClInclude Include="TaraProgressDlg.h">
      <Filter>Headerdateien</Filter>
    </ClInclude>
    <ClInclude Include="AlarmConfigPage.h">
      <Filter>Headerdateien</Filter>
    </ClInclude>
    <ClInclude Include="LineTabExtern.h">
      <Filter>Headerdateien</Filter>
    </ClInclude>
    <ClInclude Include="LineTabCtrl.h">
      <Filter>Headerdateien</Filter>
    </ClInclude>
    <ClInclude Include="LineTabSettings.h">
      <Filter>Headerdateien</Filter>
    </ClInclude>
    <ClInclude Include="LineTabOverview.h">
      <Filter>Headerdateien</Filter>
    </ClInclude>
    <ClInclude Include="LineTabTotalizer.h">
      <Filter>Headerdateien</Filter>
    </ClInclude>
    <ClInclude Include="OverviewGaugeCtrl.h">
      <Filter>Headerdateien</Filter>
    </ClInclude>
    <ClInclude Include="LineSettingsDlg.h">
      <Filter>Headerdateien</Filter>
    </ClInclude>
    <ClInclude Include="PasswordDlg.h">
      <Filter>Headerdateien</Filter>
    </ClInclude>
    <ClInclude Include="AlarmLog.h">
      <Filter>Headerdateien</Filter>
    </ClInclude>
    <ClInclude Include="AlertCtrl.h">
      <Filter>Headerdateien</Filter>
    </ClInclude>
    <ClInclude Include="MainFrmStatusBar.h">
      <Filter>Headerdateien</Filter>
    </ClInclude>
    <ClInclude Include="ButtonRefillRelease.h">
      <Filter>Headerdateien</Filter>
    </ClInclude>
    <ClInclude Include="RecipeGaugeCtrl.h">
      <Filter>Headerdateien</Filter>
    </ClInclude>
    <ClInclude Include="DiagramScaleDlg.h">
      <Filter>Headerdateien</Filter>
    </ClInclude>
    <ClInclude Include="ButtonEmptyFeederSpeed.h">
      <Filter>Headerdateien</Filter>
    </ClInclude>
    <ClInclude Include="AgitatorSpeedBoxDlg.h">
      <Filter>Headerdateien</Filter>
    </ClInclude>
    <ClInclude Include="EmptyFeederSpeedBoxDlg.h">
      <Filter>Headerdateien</Filter>
    </ClInclude>
    <ClInclude Include="LwbRecipePage.h">
      <Filter>Headerdateien</Filter>
    </ClInclude>
    <ClInclude Include="LwbMotorPage.h">
      <Filter>Headerdateien</Filter>
    </ClInclude>
    <ClInclude Include="MDITabs.h">
      <Filter>Headerdateien</Filter>
    </ClInclude>
    <ClInclude Include="GwbRefillPage.h">
      <Filter>Headerdateien</Filter>
    </ClInclude>
    <ClInclude Include="GwbLoadCellPage.h">
      <Filter>Headerdateien</Filter>
    </ClInclude>
    <ClInclude Include="GrafikHopperLwb.h">
      <Filter>Headerdateien</Filter>
    </ClInclude>
    <ClInclude Include="GrafikHopperLwf.h">
      <Filter>Headerdateien</Filter>
    </ClInclude>
    <ClInclude Include="GrafikHopperWbf.h">
      <Filter>Headerdateien</Filter>
    </ClInclude>
    <ClInclude Include="GrafikHopperWbm.h">
      <Filter>Headerdateien</Filter>
    </ClInclude>
    <ClInclude Include="MaxSpeedBoxDlg.h">
      <Filter>Headerdateien</Filter>
    </ClInclude>
    <ClInclude Include="MaxGrossSpeedBoxDlg.h">
      <Filter>Headerdateien</Filter>
    </ClInclude>
    <ClInclude Include="DoseBatcherActualGrafik.h">
      <Filter>Quelldateien\Prozess\FeederDisplay\DoseContainer\Batcher</Filter>
    </ClInclude>
    <ClInclude Include="DoseContinousActualGrafik.h">
      <Filter>Quelldateien\Prozess\FeederDisplay\DoseContainer\Continous</Filter>
    </ClInclude>
    <ClInclude Include="DoseContinousNominalGrafik.h">
      <Filter>Quelldateien\Prozess\FeederDisplay\DoseContainer\Continous</Filter>
    </ClInclude>
    <ClInclude Include="DoseBatcherNominalGrafik.h">
      <Filter>Quelldateien\Prozess\FeederDisplay\DoseContainer\Batcher</Filter>
    </ClInclude>
    <ClInclude Include="DoseButtonBatcherGrafik.h">
      <Filter>Quelldateien\Prozess\FeederDisplay\DoseContainer\Batcher</Filter>
    </ClInclude>
    <ClInclude Include="DoseBaseActualGrafik.h">
      <Filter>Headerdateien</Filter>
    </ClInclude>
    <ClInclude Include="IcbRecipePage.h">
      <Filter>Quelldateien\Prozess\Property\ICB</Filter>
    </ClInclude>
    <ClInclude Include="SettingsProductListPage.h">
      <Filter>Headerdateien</Filter>
    </ClInclude>
    <ClInclude Include="ProductListCtrl.h">
      <Filter>Headerdateien</Filter>
    </ClInclude>
    <ClInclude Include="ButtonRefillScrewSpeed.h">
      <Filter>Headerdateien</Filter>
    </ClInclude>
    <ClInclude Include="RefillFeederSpeedBoxDlg.h">
      <Filter>Headerdateien</Filter>
    </ClInclude>
    <ClInclude Include="FileHelper.h">
      <Filter>Headerdateien</Filter>
    </ClInclude>
    <ClInclude Include="LineOneScrewSwitchesDlg.h">
      <Filter>Headerdateien</Filter>
    </ClInclude>
    <ClInclude Include="LineRampDlg.h">
      <Filter>Headerdateien</Filter>
    </ClInclude>
    <ClInclude Include="LineExtSetpointDlg.h">
      <Filter>Headerdateien</Filter>
    </ClInclude>
    <ClInclude Include="ButtonOneScrewMinMixSpeed.h">
      <Filter>Headerdateien</Filter>
    </ClInclude>
    <ClInclude Include="OneScrewSwitchesGainSpeedBoxDlg.h">
      <Filter>Headerdateien</Filter>
    </ClInclude>
    <ClInclude Include="OneScrewSwitchesReduceSpeedBoxDlg.h">
      <Filter>Headerdateien</Filter>
    </ClInclude>
    <ClInclude Include="FeederScaleBoxDlg.h">
      <Filter>Headerdateien</Filter>
    </ClInclude>
    <ClInclude Include="LclRecipePage.h">
      <Filter>Quelldateien\Prozess\Property\LCL</Filter>
    </ClInclude>
    <ClInclude Include="FeederDisplayIcp.h">
      <Filter>Quelldateien\Prozess\FeederDisplay\ICP</Filter>
    </ClInclude>
    <ClInclude Include="FeederDisplayLwf.h">
      <Filter>Quelldateien\Prozess\FeederDisplay\LWF</Filter>
    </ClInclude>
    <ClInclude Include="FeederDisplayWbm.h">
      <Filter>Quelldateien\Prozess\FeederDisplay\WBM</Filter>
    </ClInclude>
    <ClInclude Include="FeederDisplayPid.h">
      <Filter>Quelldateien\Prozess\FeederDisplay\PID</Filter>
    </ClInclude>
    <ClInclude Include="FeederDisplayVol.h">
      <Filter>Quelldateien\Prozess\FeederDisplay\VOL</Filter>
    </ClInclude>
    <ClInclude Include="LineSetpointLineDlg.h">
      <Filter>Quelldateien\Prozess\LineTab\LineSettings</Filter>
    </ClInclude>
    <ClInclude Include="LineSetpointLocalDlg.h">
      <Filter>Quelldateien\Prozess\LineTab\LineSettings</Filter>
    </ClInclude>
    <ClInclude Include="IfsRecipePage.h">
      <Filter>Quelldateien\Prozess\Property\IFS</Filter>
    </ClInclude>
    <ClInclude Include="GainFactorSpeedBoxDlg.h">
      <Filter>Quelldateien\Prozess\SpeedBox</Filter>
    </ClInclude>
    <ClInclude Include="ReduceFactorSpeedBoxDlg.h">
      <Filter>Quelldateien\Prozess\SpeedBox</Filter>
    </ClInclude>
    <ClInclude Include="IflRecipePage.h">
      <Filter>Quelldateien\Prozess\Property\IFL</Filter>
    </ClInclude>
    <ClInclude Include="CalibrationVolDlg.h">
      <Filter>Quelldateien\Prozess\Property\VOL</Filter>
    </ClInclude>
    <ClInclude Include="IflMotorPage.h">
      <Filter>Quelldateien\Prozess\Property\IFL</Filter>
    </ClInclude>
    <ClInclude Include="WeightDemoDlg.h">
      <Filter>Quelldateien\Prozess\WeightDemo</Filter>
    </ClInclude>
    <ClInclude Include="DoseButtonContinousGrafikIfl.h">
      <Filter>Quelldateien\Prozess\FeederDisplay\IFL</Filter>
    </ClInclude>
    <ClInclude Include="DoseButtonContinousGrafikIfs.h">
      <Filter>Quelldateien\Prozess\FeederDisplay\IFS</Filter>
    </ClInclude>
    <ClInclude Include="DoseButtonContinousGrafikLcl.h">
      <Filter>Quelldateien\Prozess\FeederDisplay\LCL</Filter>
    </ClInclude>
    <ClInclude Include="DoseContinousActualGrafikIfl.h">
      <Filter>Quelldateien\Prozess\FeederDisplay\IFL</Filter>
    </ClInclude>
    <ClInclude Include="DoseContinousNominalGrafikIfl.h">
      <Filter>Quelldateien\Prozess\FeederDisplay\IFL</Filter>
    </ClInclude>
    <ClInclude Include="DoseContinousActualGrafikIfs.h">
      <Filter>Quelldateien\Prozess\FeederDisplay\IFS</Filter>
    </ClInclude>
    <ClInclude Include="DoseContinousNominalGrafikIfs.h">
      <Filter>Quelldateien\Prozess\FeederDisplay\IFS</Filter>
    </ClInclude>
    <ClInclude Include="DoseContinousActualGrafikLcl.h">
      <Filter>Quelldateien\Prozess\FeederDisplay\LCL</Filter>
    </ClInclude>
    <ClInclude Include="DoseContinousNominalGrafikLcl.h">
      <Filter>Quelldateien\Prozess\FeederDisplay\LCL</Filter>
    </ClInclude>
    <ClInclude Include="FeederDisplayIfl.h">
      <Filter>Quelldateien\Prozess\FeederDisplay\IFL</Filter>
    </ClInclude>
    <ClInclude Include="FeederDisplayIfs.h">
      <Filter>Quelldateien\Prozess\FeederDisplay\IFS</Filter>
    </ClInclude>
    <ClInclude Include="FeederDisplayLcl.h">
      <Filter>Quelldateien\Prozess\FeederDisplay\LCL</Filter>
    </ClInclude>
    <ClInclude Include="LineTabMassflow.h">
      <Filter>Quelldateien\Prozess\LineTab</Filter>
    </ClInclude>
    <ClInclude Include="RefillGravBoxDlg.h">
      <Filter>Quelldateien\Prozess\RefillBox</Filter>
    </ClInclude>
    <ClInclude Include="RefillVolBoxDlg.h">
      <Filter>Quelldateien\Prozess\RefillBox</Filter>
    </ClInclude>
    <ClInclude Include="ButtonCheckBox.h">
      <Filter>Quelldateien\Prozess\Property\VOL</Filter>
    </ClInclude>
    <ClInclude Include="ButtonSignal.h">
      <Filter>Quelldateien\Prozess\RefillBox</Filter>
    </ClInclude>
    <ClInclude Include="FeederDisplayIfso.h">
      <Filter>Quelldateien\Prozess\FeederDisplay\IFS</Filter>
    </ClInclude>
    <ClInclude Include="FeederDisplayIfsu.h">
      <Filter>Quelldateien\Prozess\FeederDisplay\IFS</Filter>
    </ClInclude>
    <ClInclude Include="IfsAlarmPage.h">
      <Filter>Quelldateien\Prozess\Property\IFS</Filter>
    </ClInclude>
    <ClInclude Include="Shutdown.h">
      <Filter>Quelldateien\Shutdown</Filter>
    </ClInclude>
    <ClInclude Include="IfsSettingBoxDlg.h">
      <Filter>Quelldateien\Prozess\Property\IFS</Filter>
    </ClInclude>
    <ClInclude Include="DisplayContainer.h">
      <Filter>Quelldateien\Prozess\FeederDisplay\DoseContainer</Filter>
    </ClInclude>
    <ClInclude Include="DoseRefillButtonGrafik.h">
      <Filter>Quelldateien\Prozess\FeederDisplay\DoseContainer\Buttons</Filter>
    </ClInclude>
    <ClInclude Include="DoseRefillReleaseButtonGrafik.h">
      <Filter>Quelldateien\Prozess\FeederDisplay\DoseContainer\Buttons</Filter>
    </ClInclude>
    <ClInclude Include="DoseButtonGrafikContext.h">
      <Filter>Quelldateien\Prozess\FeederDisplay\DoseContainer\Buttons</Filter>
    </ClInclude>
    <ClInclude Include="DoseButtonGrafik.h">
      <Filter>Quelldateien\Prozess\FeederDisplay\DoseContainer\Buttons</Filter>
    </ClInclude>
    <ClInclude Include="HopperVol.h">
      <Filter>Quelldateien\Prozess\FeederDisplay\VOL</Filter>
    </ClInclude>
    <ClInclude Include="HopperGwb.h">
      <Filter>Quelldateien\Prozess\FeederDisplay\LWF\GWB</Filter>
    </ClInclude>
    <ClInclude Include="HopperWbm.h">
      <Filter>Quelldateien\Prozess\FeederDisplay\WBM</Filter>
    </ClInclude>
    <ClInclude Include="HopperLcl.h">
      <Filter>Quelldateien\Prozess\FeederDisplay\LCL</Filter>
    </ClInclude>
    <ClInclude Include="HopperIfs.h">
      <Filter>Quelldateien\Prozess\FeederDisplay\IFS</Filter>
    </ClInclude>
    <ClInclude Include="FeederDisplayLws.h">
      <Filter>Quelldateien\Prozess\FeederDisplay\LWF\LWS</Filter>
    </ClInclude>
    <ClInclude Include="HopperLws.h">
      <Filter>Quelldateien\Prozess\FeederDisplay\LWF\LWS</Filter>
    </ClInclude>
    <ClInclude Include="DoseContinousActualGrafikLws.h">
      <Filter>Quelldateien\Prozess\FeederDisplay\LWF\LWS</Filter>
    </ClInclude>
    <ClInclude Include="DoseContinousNominalGrafikLws.h">
      <Filter>Quelldateien\Prozess\FeederDisplay\LWF\LWS</Filter>
    </ClInclude>
    <ClInclude Include="DoseButtonContinousGrafikLws.h">
      <Filter>Quelldateien\Prozess\FeederDisplay\LWF\LWS</Filter>
    </ClInclude>
    <ClInclude Include="DoseRefillReleaseButtonGrafikLws.h">
      <Filter>Quelldateien\Prozess\FeederDisplay\LWF\LWS</Filter>
    </ClInclude>
    <ClInclude Include="DoseRefillButtonGrafikLws.h">
      <Filter>Quelldateien\Prozess\FeederDisplay\LWF\LWS</Filter>
    </ClInclude>
    <ClInclude Include="DoseButtonContinousGrafikVol.h">
      <Filter>Quelldateien\Prozess\FeederDisplay\VOL</Filter>
    </ClInclude>
    <ClInclude Include="DoseContinousActualGrafikVol.h">
      <Filter>Quelldateien\Prozess\FeederDisplay\VOL</Filter>
    </ClInclude>
    <ClInclude Include="DoseContinousNominalGrafikVol.h">
      <Filter>Quelldateien\Prozess\FeederDisplay\VOL</Filter>
    </ClInclude>
    <ClInclude Include="DoseRefillButtonGrafikVol.h">
      <Filter>Quelldateien\Prozess\FeederDisplay\VOL</Filter>
    </ClInclude>
    <ClInclude Include="DoseRefillReleaseButtonGrafikVol.h">
      <Filter>Quelldateien\Prozess\FeederDisplay\VOL</Filter>
    </ClInclude>
    <ClInclude Include="FeederDisplayLwp.h">
      <Filter>Quelldateien\Prozess\FeederDisplay\LWF\LWP</Filter>
    </ClInclude>
    <ClInclude Include="HopperLwp.h">
      <Filter>Quelldateien\Prozess\FeederDisplay\LWF\LWP</Filter>
    </ClInclude>
    <ClInclude Include="FeederDisplayLwv.h">
      <Filter>Quelldateien\Prozess\FeederDisplay\LWF\LWV</Filter>
    </ClInclude>
    <ClInclude Include="HopperLwv.h">
      <Filter>Quelldateien\Prozess\FeederDisplay\LWF\LWV</Filter>
    </ClInclude>
    <ClInclude Include="DoseButtonContinousGrafikLwp.h">
      <Filter>Quelldateien\Prozess\FeederDisplay\LWF\LWP</Filter>
    </ClInclude>
    <ClInclude Include="DoseContinousActualGrafikLwp.h">
      <Filter>Quelldateien\Prozess\FeederDisplay\LWF\LWP</Filter>
    </ClInclude>
    <ClInclude Include="DoseContinousNominalGrafikLwp.h">
      <Filter>Quelldateien\Prozess\FeederDisplay\LWF\LWP</Filter>
    </ClInclude>
    <ClInclude Include="DoseRefillButtonGrafikLwp.h">
      <Filter>Quelldateien\Prozess\FeederDisplay\LWF\LWP</Filter>
    </ClInclude>
    <ClInclude Include="DoseRefillReleaseButtonGrafikLwp.h">
      <Filter>Quelldateien\Prozess\FeederDisplay\LWF\LWP</Filter>
    </ClInclude>
    <ClInclude Include="DoseButtonContinousGrafikLwv.h">
      <Filter>Quelldateien\Prozess\FeederDisplay\LWF\LWV</Filter>
    </ClInclude>
    <ClInclude Include="DoseContinousActualGrafikLwv.h">
      <Filter>Quelldateien\Prozess\FeederDisplay\LWF\LWV</Filter>
    </ClInclude>
    <ClInclude Include="DoseContinousNominalGrafikLwv.h">
      <Filter>Quelldateien\Prozess\FeederDisplay\LWF\LWV</Filter>
    </ClInclude>
    <ClInclude Include="DoseRefillButtonGrafikLwv.h">
      <Filter>Quelldateien\Prozess\FeederDisplay\LWF\LWV</Filter>
    </ClInclude>
    <ClInclude Include="DoseRefillReleaseButtonGrafikLwv.h">
      <Filter>Quelldateien\Prozess\FeederDisplay\LWF\LWV</Filter>
    </ClInclude>
    <ClInclude Include="FeederDisplayLwb.h">
      <Filter>Quelldateien\Prozess\FeederDisplay\LWF\LWB</Filter>
    </ClInclude>
    <ClInclude Include="HopperLwb.h">
      <Filter>Quelldateien\Prozess\FeederDisplay\LWF\LWB</Filter>
    </ClInclude>
    <ClInclude Include="DoseRefillButtonGrafikLwb.h">
      <Filter>Quelldateien\Prozess\FeederDisplay\LWF\LWB</Filter>
    </ClInclude>
    <ClInclude Include="DoseRefillReleaseButtonGrafikLwb.h">
      <Filter>Quelldateien\Prozess\FeederDisplay\LWF\LWB</Filter>
    </ClInclude>
    <ClInclude Include="DoseButtonBatcherGrafikLwb.h">
      <Filter>Quelldateien\Prozess\FeederDisplay\LWF\LWB</Filter>
    </ClInclude>
    <ClInclude Include="DoseBatcherActualGrafikLwb.h">
      <Filter>Quelldateien\Prozess\FeederDisplay\LWF\LWB</Filter>
    </ClInclude>
    <ClInclude Include="DoseBatcherNominalGrafikLwb.h">
      <Filter>Quelldateien\Prozess\FeederDisplay\LWF\LWB</Filter>
    </ClInclude>
    <ClInclude Include="DoseButtonContinousGrafikPid.h">
      <Filter>Quelldateien\Prozess\FeederDisplay\PID</Filter>
    </ClInclude>
    <ClInclude Include="DoseContinousActualGrafikPid.h">
      <Filter>Quelldateien\Prozess\FeederDisplay\PID</Filter>
    </ClInclude>
    <ClInclude Include="DoseContinousNominalGrafikPid.h">
      <Filter>Quelldateien\Prozess\FeederDisplay\PID</Filter>
    </ClInclude>
    <ClInclude Include="DoseRefillButtonGrafikPid.h">
      <Filter>Quelldateien\Prozess\FeederDisplay\PID</Filter>
    </ClInclude>
    <ClInclude Include="DoseRefillReleaseButtonGrafikPid.h">
      <Filter>Quelldateien\Prozess\FeederDisplay\PID</Filter>
    </ClInclude>
    <ClInclude Include="DoseBatcherActualGrafikGwb.h">
      <Filter>Quelldateien\Prozess\FeederDisplay\LWF\GWB</Filter>
    </ClInclude>
    <ClInclude Include="DoseBatcherNominalGrafikGwb.h">
      <Filter>Quelldateien\Prozess\FeederDisplay\LWF\GWB</Filter>
    </ClInclude>
    <ClInclude Include="DoseButtonBatcherGrafikGwb.h">
      <Filter>Quelldateien\Prozess\FeederDisplay\LWF\GWB</Filter>
    </ClInclude>
    <ClInclude Include="DoseRefillButtonGrafikGwb.h">
      <Filter>Quelldateien\Prozess\FeederDisplay\LWF\GWB</Filter>
    </ClInclude>
    <ClInclude Include="DoseRefillReleaseButtonGrafikGwb.h">
      <Filter>Quelldateien\Prozess\FeederDisplay\LWF\GWB</Filter>
    </ClInclude>
    <ClInclude Include="FeederDisplayGwb.h">
      <Filter>Quelldateien\Prozess\FeederDisplay\LWF\GWB</Filter>
    </ClInclude>
    <ClInclude Include="FeederDisplayIcb.h">
      <Filter>Quelldateien\Prozess\FeederDisplay\ICB</Filter>
    </ClInclude>
    <ClInclude Include="DoseButtonContinousGrafikIcp.h">
      <Filter>Quelldateien\Prozess\FeederDisplay\ICP</Filter>
    </ClInclude>
    <ClInclude Include="DoseContinousActualGrafikIcp.h">
      <Filter>Quelldateien\Prozess\FeederDisplay\ICP</Filter>
    </ClInclude>
    <ClInclude Include="DoseContinousNominalGrafikIcp.h">
      <Filter>Quelldateien\Prozess\FeederDisplay\ICP</Filter>
    </ClInclude>
    <ClInclude Include="DoseRefillButtonGrafikIcp.h">
      <Filter>Quelldateien\Prozess\FeederDisplay\ICP</Filter>
    </ClInclude>
    <ClInclude Include="DoseRefillReleaseButtonGrafikIcp.h">
      <Filter>Quelldateien\Prozess\FeederDisplay\ICP</Filter>
    </ClInclude>
    <ClInclude Include="DoseRefillButtonGrafikIfs.h">
      <Filter>Quelldateien\Prozess\FeederDisplay\IFS</Filter>
    </ClInclude>
    <ClInclude Include="DoseRefillReleaseButtonGrafikIfs.h">
      <Filter>Quelldateien\Prozess\FeederDisplay\IFS</Filter>
    </ClInclude>
    <ClInclude Include="FeederDisplayWbf.h">
      <Filter>Quelldateien\Prozess\FeederDisplay\WBF</Filter>
    </ClInclude>
    <ClInclude Include="HopperWbf.h">
      <Filter>Quelldateien\Prozess\FeederDisplay\WBF</Filter>
    </ClInclude>
    <ClInclude Include="DoseRefillButtonGrafikIfl.h">
      <Filter>Quelldateien\Prozess\FeederDisplay\IFL</Filter>
    </ClInclude>
    <ClInclude Include="DoseRefillReleaseButtonGrafikIfl.h">
      <Filter>Quelldateien\Prozess\FeederDisplay\IFL</Filter>
    </ClInclude>
    <ClInclude Include="DoseRefillButtonGrafikLcl.h">
      <Filter>Quelldateien\Prozess\FeederDisplay\LCL</Filter>
    </ClInclude>
    <ClInclude Include="DoseRefillReleaseButtonGrafikLcl.h">
      <Filter>Quelldateien\Prozess\FeederDisplay\LCL</Filter>
    </ClInclude>
    <ClInclude Include="DoseBatcherActualGrafikIcb.h">
      <Filter>Quelldateien\Prozess\FeederDisplay\ICB</Filter>
    </ClInclude>
    <ClInclude Include="DoseBatcherNominalGrafikIcb.h">
      <Filter>Quelldateien\Prozess\FeederDisplay\ICB</Filter>
    </ClInclude>
    <ClInclude Include="DoseButtonBatcherGrafikIcb.h">
      <Filter>Quelldateien\Prozess\FeederDisplay\ICB</Filter>
    </ClInclude>
    <ClInclude Include="DoseRefillButtonGrafikIcb.h">
      <Filter>Quelldateien\Prozess\FeederDisplay\ICB</Filter>
    </ClInclude>
    <ClInclude Include="DoseRefillReleaseButtonGrafikIcb.h">
      <Filter>Quelldateien\Prozess\FeederDisplay\ICB</Filter>
    </ClInclude>
    <ClInclude Include="DoseButtonContinousGrafikWbf.h">
      <Filter>Quelldateien\Prozess\FeederDisplay\WBF</Filter>
    </ClInclude>
    <ClInclude Include="DoseContinousActualGrafikWbf.h">
      <Filter>Quelldateien\Prozess\FeederDisplay\WBF</Filter>
    </ClInclude>
    <ClInclude Include="DoseContinousNominalGrafikWbf.h">
      <Filter>Quelldateien\Prozess\FeederDisplay\WBF</Filter>
    </ClInclude>
    <ClInclude Include="DoseRefillButtonGrafikWbf.h">
      <Filter>Quelldateien\Prozess\FeederDisplay\WBF</Filter>
    </ClInclude>
    <ClInclude Include="DoseRefillReleaseButtonGrafikWbf.h">
      <Filter>Quelldateien\Prozess\FeederDisplay\WBF</Filter>
    </ClInclude>
    <ClInclude Include="DoseButtonContinousGrafikWbm.h">
      <Filter>Quelldateien\Prozess\FeederDisplay\WBM</Filter>
    </ClInclude>
    <ClInclude Include="DoseContinousActualGrafikWbm.h">
      <Filter>Quelldateien\Prozess\FeederDisplay\WBM</Filter>
    </ClInclude>
    <ClInclude Include="DoseRefillButtonGrafikWbm.h">
      <Filter>Quelldateien\Prozess\FeederDisplay\WBM</Filter>
    </ClInclude>
    <ClInclude Include="DoseRefillReleaseButtonGrafikWbm.h">
      <Filter>Quelldateien\Prozess\FeederDisplay\WBM</Filter>
    </ClInclude>
    <ClInclude Include="DoseContinousNominalGrafikWbm.h">
      <Filter>Quelldateien\Prozess\FeederDisplay\WBM</Filter>
    </ClInclude>
    <ClInclude Include="LineTotalizerPulseDlg.h">
      <Filter>Quelldateien\Prozess\LineTab\LineSettings</Filter>
    </ClInclude>
    <ClInclude Include="EditCtrlEx.h">
      <Filter>Quelldateien\Tools</Filter>
    </ClInclude>
    <ClInclude Include="HelpInfoDlgEx.h">
      <Filter>Quelldateien\Tools</Filter>
    </ClInclude>
    <ClInclude Include="BarChart.h">
      <Filter>Quelldateien\Prozess</Filter>
    </ClInclude>
    <ClInclude Include="LineTotalizerBox.h">
      <Filter>Quelldateien\Prozess</Filter>
    </ClInclude>
    <ClInclude Include="DoseProductNameGrafik.h">
      <Filter>Quelldateien\Prozess\FeederDisplay\DoseContainer</Filter>
    </ClInclude>
  </ItemGroup>
  <ItemGroup>
    <Text Include="ReadMe.txt" />
  </ItemGroup>
  <ItemGroup>
    <None Include="LogLevel.def">
      <Filter>LogLevel</Filter>
    </None>
  </ItemGroup>
</Project>