<?xml version="1.0" encoding="utf-8"?>
<Project ToolsVersion="4.0" xmlns="http://schemas.microsoft.com/developer/msbuild/2003">
  <ItemGroup>
    <Filter Include="Quelldateien">
      <UniqueIdentifier>{4FC737F1-C7A5-4376-A066-2A32D752A2FF}</UniqueIdentifier>
      <Extensions>cpp;c;cc;cxx;c++;cppm;ixx;def;odl;idl;hpj;bat;asm;asmx</Extensions>
    </Filter>
    <Filter Include="Headerdateien">
      <UniqueIdentifier>{93995380-89BD-4b04-88EB-625FBE52EBFB}</UniqueIdentifier>
      <Extensions>h;hh;hpp;hxx;h++;hm;inl;inc;ipp;xsd</Extensions>
    </Filter>
    <Filter Include="Quelldateien\src">
      <UniqueIdentifier>{174c2c69-0385-423b-a30e-826c8b3f1964}</UniqueIdentifier>
    </Filter>
    <Filter Include="LogLevel">
      <UniqueIdentifier>{c680e297-1786-40ca-99c1-0b46461291ae}</UniqueIdentifier>
    </Filter>
  </ItemGroup>
  <ItemGroup>
    <ClInclude Include="src\DoseDataImplMacro.h">
      <Filter>Headerdateien</Filter>
    </ClInclude>
    <ClInclude Include="src\ExDeclareMacro.h">
      <Filter>Headerdateien</Filter>
    </ClInclude>
    <ClInclude Include="src\ExImplMacro.h">
      <Filter>Headerdateien</Filter>
    </ClInclude>
    <ClInclude Include="include\DoseData.h">
      <Filter>Headerdateien</Filter>
    </ClInclude>
    <ClInclude Include="include\DoseDataDeclareMacro.h">
      <Filter>Headerdateien</Filter>
    </ClInclude>
    <ClInclude Include="src\SYControl.h">
      <Filter>Headerdateien</Filter>
    </ClInclude>
    <ClInclude Include="src\Dose.h">
      <Filter>Headerdateien</Filter>
    </ClInclude>
    <ClInclude Include="src\DoseTypes.h">
      <Filter>Headerdateien</Filter>
    </ClInclude>
    <ClInclude Include="src\DSControl.hpp">
      <Filter>Headerdateien</Filter>
    </ClInclude>
    <ClInclude Include="src\EXControl.hpp">
      <Filter>Headerdateien</Filter>
    </ClInclude>
    <ClInclude Include="src\SYControl.hpp">
      <Filter>Headerdateien</Filter>
    </ClInclude>
    <ClInclude Include="src\DSAlarm.hpp">
      <Filter>Headerdateien</Filter>
    </ClInclude>
    <ClInclude Include="src\ECTypes.h">
      <Filter>Headerdateien</Filter>
    </ClInclude>
    <ClInclude Include="src\ECImplMacro.h">
      <Filter>Headerdateien</Filter>
    </ClInclude>
    <ClInclude Include="src\LCImplMacro.h">
      <Filter>Headerdateien</Filter>
    </ClInclude>
    <ClInclude Include="src\ECDeclareMacro.h">
      <Filter>Headerdateien</Filter>
    </ClInclude>
    <ClInclude Include="src\LCDeclareMacro.h">
      <Filter>Headerdateien</Filter>
    </ClInclude>
    <ClInclude Include="src\LCControl.hpp">
      <Filter>Headerdateien</Filter>
    </ClInclude>
  </ItemGroup>
  <ItemGroup>
    <ClCompile Include="src\Dose.cpp">
      <Filter>Quelldateien\src</Filter>
    </ClCompile>
    <ClCompile Include="src\DoseData.cpp">
      <Filter>Quelldateien\src</Filter>
    </ClCompile>
    <ClCompile Include="src\DoseDS.cpp">
      <Filter>Quelldateien\src</Filter>
    </ClCompile>
    <ClCompile Include="src\DoseEX.cpp">
      <Filter>Quelldateien\src</Filter>
    </ClCompile>
    <ClCompile Include="src\DoseSY.cpp">
      <Filter>Quelldateien\src</Filter>
    </ClCompile>
  </ItemGroup>
  <ItemGroup>
    <None Include="include\DoseData.def">
      <Filter>Headerdateien</Filter>
    </None>
    <None Include="LogLevel.def">
      <Filter>LogLevel</Filter>
    </None>
  </ItemGroup>
</Project>