<?xml version="1.0" encoding="utf-8"?>
<Project ToolsVersion="4.0" xmlns="http://schemas.microsoft.com/developer/msbuild/2003">
  <ItemGroup>
    <Filter Include="Quelldateien">
      <UniqueIdentifier>{4FC737F1-C7A5-4376-A066-2A32D752A2FF}</UniqueIdentifier>
      <Extensions>cpp;c;cc;cxx;c++;cppm;ixx;def;odl;idl;hpj;bat;asm;asmx</Extensions>
    </Filter>
    <Filter Include="Headerdateien">
      <UniqueIdentifier>{93995380-89BD-4b04-88EB-625FBE52EBFB}</UniqueIdentifier>
      <Extensions>h;hh;hpp;hxx;h++;hm;inl;inc;ipp;xsd</Extensions>
    </Filter>
    <Filter Include="Quelldateien\xml">
      <UniqueIdentifier>{67b63de7-2b56-45b3-ba65-d14f26bd5de6}</UniqueIdentifier>
    </Filter>
    <Filter Include="Headerdateien\xml">
      <UniqueIdentifier>{c550593a-d79e-4016-89c4-b415a9acfc39}</UniqueIdentifier>
    </Filter>
    <Filter Include="Quelldateien\GenericList">
      <UniqueIdentifier>{a7e1266d-3a21-48a4-addf-fe28be3535f5}</UniqueIdentifier>
    </Filter>
    <Filter Include="Quelldateien\crc">
      <UniqueIdentifier>{4a146b27-5fe1-409c-b147-2a556d810110}</UniqueIdentifier>
    </Filter>
    <Filter Include="LogLevel">
      <UniqueIdentifier>{bef5a8a8-2248-4570-abea-f21bd7357eac}</UniqueIdentifier>
    </Filter>
  </ItemGroup>
  <ItemGroup>
    <ClCompile Include="EasyTime\private\EasyTime.cpp">
      <Filter>Quelldateien</Filter>
    </ClCompile>
    <ClCompile Include="Task\private\Task.cpp">
      <Filter>Quelldateien</Filter>
    </ClCompile>
    <ClCompile Include="Task\private\ThreadModul.cpp">
      <Filter>Quelldateien</Filter>
    </ClCompile>
    <ClCompile Include="math\private\linear.cpp">
      <Filter>Quelldateien</Filter>
    </ClCompile>
    <ClCompile Include="Utils\private\MassflowMemory.cpp">
      <Filter>Quelldateien</Filter>
    </ClCompile>
    <ClCompile Include="Utils\private\GenericTime.cpp">
      <Filter>Quelldateien</Filter>
    </ClCompile>
    <ClCompile Include="Utils\private\xml\RemoteServerXml.cpp">
      <Filter>Quelldateien\xml</Filter>
    </ClCompile>
    <ClCompile Include="Utils\private\xml\SystemConfigXml.cpp">
      <Filter>Quelldateien\xml</Filter>
    </ClCompile>
    <ClCompile Include="Utils\private\xml\DoseServerXml.cpp">
      <Filter>Quelldateien\xml</Filter>
    </ClCompile>
    <ClCompile Include="Utils\private\xml\HelperXml.cpp">
      <Filter>Quelldateien\xml</Filter>
    </ClCompile>
    <ClCompile Include="Utils\private\xml\S7SnapXml.cpp">
      <Filter>Quelldateien\xml</Filter>
    </ClCompile>
    <ClCompile Include="Utils\private\xml\SystemAlarmXml.cpp">
      <Filter>Quelldateien\xml</Filter>
    </ClCompile>
    <ClCompile Include="Utils\private\xml\EasyControlConfigXml.cpp">
      <Filter>Quelldateien\xml</Filter>
    </ClCompile>
    <ClCompile Include="Utils\private\xml\RecipefileXml.cpp">
      <Filter>Quelldateien\xml</Filter>
    </ClCompile>
    <ClCompile Include="Utils\private\UserrRights.cpp">
      <Filter>Quelldateien\GenericList</Filter>
    </ClCompile>
    <ClCompile Include="Utils\private\UserrRightsList.cpp">
      <Filter>Quelldateien\GenericList</Filter>
    </ClCompile>
    <ClCompile Include="Utils\private\LogItem.cpp">
      <Filter>Quelldateien\GenericList</Filter>
    </ClCompile>
    <ClCompile Include="Utils\private\LogItemList.cpp">
      <Filter>Quelldateien\GenericList</Filter>
    </ClCompile>
    <ClCompile Include="Utils\private\xml\TouchkeyboardXml.cpp">
      <Filter>Quelldateien\xml</Filter>
    </ClCompile>
    <ClCompile Include="Utils\private\xml\LogoConfigXml.cpp">
      <Filter>Quelldateien\xml</Filter>
    </ClCompile>
    <ClCompile Include="Utils\private\RecipeItem.cpp">
      <Filter>Quelldateien\GenericList</Filter>
    </ClCompile>
    <ClCompile Include="Utils\private\RecipeItemList.cpp">
      <Filter>Quelldateien\GenericList</Filter>
    </ClCompile>
    <ClCompile Include="Utils\private\GatefilterCalculator.cpp">
      <Filter>Quelldateien</Filter>
    </ClCompile>
    <ClCompile Include="Utils\private\RecItem.cpp">
      <Filter>Quelldateien\GenericList</Filter>
    </ClCompile>
    <ClCompile Include="Utils\private\RecItemList.cpp">
      <Filter>Quelldateien\GenericList</Filter>
    </ClCompile>
    <ClCompile Include="src\LogoConfig.cpp">
      <Filter>Quelldateien</Filter>
    </ClCompile>
    <ClCompile Include="Utils\private\xml\GenericRemoteXml.cpp">
      <Filter>Quelldateien\xml</Filter>
    </ClCompile>
    <ClCompile Include="Utils\private\GenericRemoteHandler.cpp">
      <Filter>Quelldateien</Filter>
    </ClCompile>
    <ClCompile Include="Utils\private\xml\S7SimulatorXml.cpp">
      <Filter>Quelldateien\xml</Filter>
    </ClCompile>
    <ClCompile Include="Utils\private\xml\OpenModbusXml.cpp">
      <Filter>Quelldateien\xml</Filter>
    </ClCompile>
    <ClCompile Include="Utils\private\xml\ProfibusDeviceXml.cpp">
      <Filter>Quelldateien\xml</Filter>
    </ClCompile>
    <ClCompile Include="crc\src\crc_8.c">
      <Filter>Quelldateien\crc</Filter>
    </ClCompile>
    <ClCompile Include="crc\src\crc_16.c">
      <Filter>Quelldateien\crc</Filter>
    </ClCompile>
    <ClCompile Include="crc\src\crc_32.c">
      <Filter>Quelldateien\crc</Filter>
    </ClCompile>
    <ClCompile Include="Utils\private\xml\RecorderConfigXml.cpp">
      <Filter>Quelldateien\xml</Filter>
    </ClCompile>
    <ClCompile Include="Utils\private\xml\IOConfigXml.cpp">
      <Filter>Quelldateien\xml</Filter>
    </ClCompile>
    <ClCompile Include="Utils\private\xml\LayoutConfigXml.cpp">
      <Filter>Quelldateien\xml</Filter>
    </ClCompile>
    <ClCompile Include="Utils\private\xml\DiagramConfigXml.cpp">
      <Filter>Quelldateien\xml</Filter>
    </ClCompile>
    <ClCompile Include="src\DiagramConfig.cpp">
      <Filter>Quelldateien</Filter>
    </ClCompile>
    <ClCompile Include="Utils\private\xml\LineGraphConfigXml.cpp">
      <Filter>Quelldateien\xml</Filter>
    </ClCompile>
    <ClCompile Include="Utils\private\xml\EasyGraphConfigXml.cpp">
      <Filter>Quelldateien\xml</Filter>
    </ClCompile>
    <ClCompile Include="Utils\private\xml\EasyGraphSettingsXml.cpp">
      <Filter>Quelldateien\xml</Filter>
    </ClCompile>
    <ClCompile Include="Utils\private\xml\SystemBackupXml.cpp">
      <Filter>Quelldateien\xml</Filter>
    </ClCompile>
    <ClCompile Include="Utils\private\StringUtil.cpp">
      <Filter>Quelldateien</Filter>
    </ClCompile>
    <ClCompile Include="xml\tinyxml2.cpp">
      <Filter>Quelldateien\xml</Filter>
    </ClCompile>
    <ClCompile Include="Utils\private\ProductItem.cpp">
      <Filter>Quelldateien\GenericList</Filter>
    </ClCompile>
    <ClCompile Include="Utils\private\ProductItemList.cpp">
      <Filter>Quelldateien\GenericList</Filter>
    </ClCompile>
    <ClCompile Include="Utils\private\xml\ProductDatabaseXml.cpp">
      <Filter>Quelldateien\xml</Filter>
    </ClCompile>
    <ClCompile Include="Utils\private\xml\RecorderDescriptionXml.cpp">
      <Filter>Quelldateien\xml</Filter>
    </ClCompile>
    <ClCompile Include="Utils\private\xml\LineConfigXml.cpp">
      <Filter>Quelldateien\xml</Filter>
    </ClCompile>
    <ClCompile Include="src\SimpleParser.cpp">
      <Filter>Quelldateien</Filter>
    </ClCompile>
  </ItemGroup>
  <ItemGroup>
    <ClInclude Include="Base.h">
      <Filter>Headerdateien</Filter>
    </ClInclude>
    <ClInclude Include="Utils\public\BitOp.h">
      <Filter>Headerdateien</Filter>
    </ClInclude>
    <ClInclude Include="Utils\public\RingBuffer.h">
      <Filter>Headerdateien</Filter>
    </ClInclude>
    <ClInclude Include="Utils\public\Timer.h">
      <Filter>Headerdateien</Filter>
    </ClInclude>
    <ClInclude Include="Utils\public\FloatRingBuffer.h">
      <Filter>Headerdateien</Filter>
    </ClInclude>
    <ClInclude Include="Utils\public\FloatRingBufferEx.h">
      <Filter>Headerdateien</Filter>
    </ClInclude>
    <ClInclude Include="Utils\public\Memory.h">
      <Filter>Headerdateien</Filter>
    </ClInclude>
    <ClInclude Include="Utils\public\WeightPair.h">
      <Filter>Headerdateien</Filter>
    </ClInclude>
    <ClInclude Include="Utils\public\MeasuredBuffer.h">
      <Filter>Headerdateien</Filter>
    </ClInclude>
    <ClInclude Include="math\public\linear.h">
      <Filter>Headerdateien</Filter>
    </ClInclude>
    <ClInclude Include="math\public\PidControl.h">
      <Filter>Headerdateien</Filter>
    </ClInclude>
    <ClInclude Include="math\public\DoseCurve.h">
      <Filter>Headerdateien</Filter>
    </ClInclude>
    <ClInclude Include="Utils\public\FifoBuffer.h">
      <Filter>Headerdateien</Filter>
    </ClInclude>
    <ClInclude Include="Utils\public\UserRightsList.h">
      <Filter>Headerdateien</Filter>
    </ClInclude>
    <ClInclude Include="Utils\public\LogItem.h">
      <Filter>Headerdateien</Filter>
    </ClInclude>
    <ClInclude Include="Utils\public\LogItemList.h">
      <Filter>Headerdateien</Filter>
    </ClInclude>
    <ClInclude Include="Utils\public\UserRights.h">
      <Filter>Headerdateien</Filter>
    </ClInclude>
    <ClInclude Include="Utils\public\MassflowMemory.h">
      <Filter>Headerdateien</Filter>
    </ClInclude>
    <ClInclude Include="Utils\public\GenericTime.h">
      <Filter>Headerdateien</Filter>
    </ClInclude>
    <ClInclude Include="Utils\public\GenericList.h">
      <Filter>Headerdateien</Filter>
    </ClInclude>
    <ClInclude Include="include\SystemConfig.h">
      <Filter>Headerdateien</Filter>
    </ClInclude>
    <ClInclude Include="include\EasyControlConfig.h">
      <Filter>Headerdateien</Filter>
    </ClInclude>
    <ClInclude Include="Utils\public\xml\SystemConfigXml.h">
      <Filter>Headerdateien\xml</Filter>
    </ClInclude>
    <ClInclude Include="Utils\public\xml\DoseServerXml.h">
      <Filter>Headerdateien\xml</Filter>
    </ClInclude>
    <ClInclude Include="Utils\public\xml\EasyControlConfigXml.h">
      <Filter>Headerdateien\xml</Filter>
    </ClInclude>
    <ClInclude Include="Utils\public\xml\OpenModbusXml.h">
      <Filter>Headerdateien\xml</Filter>
    </ClInclude>
    <ClInclude Include="Utils\public\xml\ProfibusDeviceXml.h">
      <Filter>Headerdateien\xml</Filter>
    </ClInclude>
    <ClInclude Include="Utils\public\xml\ProfibusXml.h">
      <Filter>Headerdateien\xml</Filter>
    </ClInclude>
    <ClInclude Include="Utils\public\xml\RemoteServerXml.h">
      <Filter>Headerdateien\xml</Filter>
    </ClInclude>
    <ClInclude Include="Utils\public\xml\S7SnapXml.h">
      <Filter>Headerdateien\xml</Filter>
    </ClInclude>
    <ClInclude Include="Utils\public\xml\SystemAlarmXml.h">
      <Filter>Headerdateien\xml</Filter>
    </ClInclude>
    <ClInclude Include="include\DoseServerConfig.h">
      <Filter>Headerdateien</Filter>
    </ClInclude>
    <ClInclude Include="include\RemoteServerConfig.h">
      <Filter>Headerdateien</Filter>
    </ClInclude>
    <ClInclude Include="Utils\public\xml\RecipefileXml.h">
      <Filter>Headerdateien\xml</Filter>
    </ClInclude>
    <ClInclude Include="Utils\public\xml\TouchkeyboardXml.h">
      <Filter>Headerdateien\xml</Filter>
    </ClInclude>
    <ClInclude Include="include\MassflowSelect.h">
      <Filter>Headerdateien</Filter>
    </ClInclude>
    <ClInclude Include="include\TrendGraphicConfig.h">
      <Filter>Headerdateien</Filter>
    </ClInclude>
    <ClInclude Include="include\AlarmTypes.h">
      <Filter>Headerdateien</Filter>
    </ClInclude>
    <ClInclude Include="include\DeviceConfig.h">
      <Filter>Headerdateien</Filter>
    </ClInclude>
    <ClInclude Include="include\EncoderState.h">
      <Filter>Headerdateien</Filter>
    </ClInclude>
    <ClInclude Include="include\ModbusConfig.h">
      <Filter>Headerdateien</Filter>
    </ClInclude>
    <ClInclude Include="include\ProfibusTypes.h">
      <Filter>Headerdateien</Filter>
    </ClInclude>
    <ClInclude Include="include\RemoteConfig.h">
      <Filter>Headerdateien</Filter>
    </ClInclude>
    <ClInclude Include="include\RemoteS7Types.h">
      <Filter>Headerdateien</Filter>
    </ClInclude>
    <ClInclude Include="include\RemoteState.h">
      <Filter>Headerdateien</Filter>
    </ClInclude>
    <ClInclude Include="include\StackType.h">
      <Filter>Headerdateien</Filter>
    </ClInclude>
    <ClInclude Include="include\Statemachine.h">
      <Filter>Headerdateien</Filter>
    </ClInclude>
    <ClInclude Include="include\TouchkeyboardConfig.h">
      <Filter>Headerdateien</Filter>
    </ClInclude>
    <ClInclude Include="include\WbmStates.h">
      <Filter>Headerdateien</Filter>
    </ClInclude>
    <ClInclude Include="Utils\public\xml\LogoConfigXml.h">
      <Filter>Headerdateien\xml</Filter>
    </ClInclude>
    <ClInclude Include="include\LogoConfig.h">
      <Filter>Headerdateien</Filter>
    </ClInclude>
    <ClInclude Include="include\2DHopper.h">
      <Filter>Headerdateien</Filter>
    </ClInclude>
    <ClInclude Include="types.h">
      <Filter>Headerdateien</Filter>
    </ClInclude>
    <ClInclude Include="include\DiagramSettings.h">
      <Filter>Headerdateien</Filter>
    </ClInclude>
    <ClInclude Include="include\GenericRemoteConfig.h">
      <Filter>Headerdateien</Filter>
    </ClInclude>
    <ClInclude Include="include\FieldTypeStack.h">
      <Filter>Headerdateien</Filter>
    </ClInclude>
    <ClInclude Include="include\DeviceSimulatorConfig.h">
      <Filter>Headerdateien</Filter>
    </ClInclude>
    <ClInclude Include="include\TypeEqual.h">
      <Filter>Headerdateien</Filter>
    </ClInclude>
    <ClInclude Include="crc\src\crc.h">
      <Filter>Quelldateien\crc</Filter>
    </ClInclude>
    <ClInclude Include="include\Size.h">
      <Filter>Headerdateien</Filter>
    </ClInclude>
    <ClInclude Include="include\Point.h">
      <Filter>Headerdateien</Filter>
    </ClInclude>
    <ClInclude Include="include\RemoteCategoryMap.h">
      <Filter>Headerdateien</Filter>
    </ClInclude>
    <ClInclude Include="include\RemoteFieldTypeMap.h">
      <Filter>Headerdateien</Filter>
    </ClInclude>
    <ClInclude Include="include\RemoteProcessControlMap.h">
      <Filter>Headerdateien</Filter>
    </ClInclude>
    <ClInclude Include="include\RemoteProcessStatusMap.h">
      <Filter>Headerdateien</Filter>
    </ClInclude>
    <ClInclude Include="include\RemoteAlarmStatusMap.h">
      <Filter>Headerdateien</Filter>
    </ClInclude>
    <ClInclude Include="include\RemoteLineProcessControlMap.h">
      <Filter>Headerdateien</Filter>
    </ClInclude>
    <ClInclude Include="include\RemoteLineAlarmStatusMap.h">
      <Filter>Headerdateien</Filter>
    </ClInclude>
    <ClInclude Include="include\RemoteLineProcessStatusMap.h">
      <Filter>Headerdateien</Filter>
    </ClInclude>
    <ClInclude Include="include\AlarmCategoryMap.h">
      <Filter>Headerdateien</Filter>
    </ClInclude>
    <ClInclude Include="include\AlarmErrorMap.h">
      <Filter>Headerdateien</Filter>
    </ClInclude>
    <ClInclude Include="include\RemoteMaskMap.h">
      <Filter>Headerdateien</Filter>
    </ClInclude>
    <ClInclude Include="include\Language.h">
      <Filter>Headerdateien</Filter>
    </ClInclude>
    <ClInclude Include="include\LanguageMap.h">
      <Filter>Headerdateien</Filter>
    </ClInclude>
    <ClInclude Include="include\StringEnumMap.h">
      <Filter>Headerdateien</Filter>
    </ClInclude>
    <ClInclude Include="include\DoseTypeMap.h">
      <Filter>Headerdateien</Filter>
    </ClInclude>
    <ClInclude Include="include\FeederTypeMap.h">
      <Filter>Headerdateien</Filter>
    </ClInclude>
    <ClInclude Include="include\UserClassMap.h">
      <Filter>Headerdateien</Filter>
    </ClInclude>
    <ClInclude Include="include\LCTypesMap.h">
      <Filter>Headerdateien</Filter>
    </ClInclude>
    <ClInclude Include="include\IOConfig.h">
      <Filter>Headerdateien</Filter>
    </ClInclude>
    <ClInclude Include="include\IOActionType.h">
      <Filter>Headerdateien</Filter>
    </ClInclude>
    <ClInclude Include="include\LogoLocking.h">
      <Filter>Headerdateien</Filter>
    </ClInclude>
    <ClInclude Include="include\LogoLockingMap.h">
      <Filter>Headerdateien</Filter>
    </ClInclude>
    <ClInclude Include="Utils\public\xml\LayoutConfigXml.h">
      <Filter>Headerdateien\xml</Filter>
    </ClInclude>
    <ClInclude Include="include\RefillSignalType.h">
      <Filter>Headerdateien</Filter>
    </ClInclude>
    <ClInclude Include="include\RefillSignalTypeMap.h">
      <Filter>Headerdateien</Filter>
    </ClInclude>
    <ClInclude Include="Utils\public\xml\DiagramConfigXml.h">
      <Filter>Headerdateien\xml</Filter>
    </ClInclude>
    <ClInclude Include="Utils\public\xml\EasyGraphConfigXml.h">
      <Filter>Headerdateien\xml</Filter>
    </ClInclude>
    <ClInclude Include="include\EasyGraphConfig.h">
      <Filter>Headerdateien</Filter>
    </ClInclude>
    <ClInclude Include="include\EasyGraphSettings.h">
      <Filter>Headerdateien</Filter>
    </ClInclude>
    <ClInclude Include="include\MassflowSelectMap.h">
      <Filter>Headerdateien</Filter>
    </ClInclude>
    <ClInclude Include="include\SystemBackup.h">
      <Filter>Headerdateien</Filter>
    </ClInclude>
    <ClInclude Include="Utils\public\xml\SystemBackupXml.h">
      <Filter>Headerdateien\xml</Filter>
    </ClInclude>
    <ClInclude Include="include\XMLStringEnumMap.h">
      <Filter>Headerdateien</Filter>
    </ClInclude>
    <ClInclude Include="Utils\public\ProductItem.h">
      <Filter>Headerdateien</Filter>
    </ClInclude>
    <ClInclude Include="Utils\public\ProductItemList.h">
      <Filter>Headerdateien</Filter>
    </ClInclude>
    <ClInclude Include="include\ProductDatabaseMap.h">
      <Filter>Headerdateien</Filter>
    </ClInclude>
    <ClInclude Include="Utils\public\xml\ProductDatabaseXml.h">
      <Filter>Headerdateien\xml</Filter>
    </ClInclude>
    <ClInclude Include="include\RecorderDescription.h">
      <Filter>Headerdateien</Filter>
    </ClInclude>
    <ClInclude Include="include\RecorderDescriptionMap.h">
      <Filter>Headerdateien</Filter>
    </ClInclude>
    <ClInclude Include="include\LCSubTypesMap.h">
      <Filter>Headerdateien</Filter>
    </ClInclude>
    <ClInclude Include="include\OneScrewConfig.h">
      <Filter>Headerdateien</Filter>
    </ClInclude>
    <ClInclude Include="Utils\public\xml\LineConfigXml.h">
      <Filter>Headerdateien\xml</Filter>
    </ClInclude>
    <ClInclude Include="Utils\public\xml\IOConfigXml.h">
      <Filter>Headerdateien\xml</Filter>
    </ClInclude>
    <ClInclude Include="Utils\public\xml\LineGraphConfigXml.h">
      <Filter>Headerdateien\xml</Filter>
    </ClInclude>
    <ClInclude Include="Utils\public\xml\GenericRemoteXml.h">
      <Filter>Headerdateien\xml</Filter>
    </ClInclude>
    <ClInclude Include="include\IOLineConfig.h">
      <Filter>Headerdateien</Filter>
    </ClInclude>
    <ClInclude Include="include\LineConfig.h">
      <Filter>Headerdateien</Filter>
    </ClInclude>
    <ClInclude Include="Utils\public\xml\ScaleConfigXml.h">
      <Filter>Headerdateien\xml</Filter>
    </ClInclude>
    <ClInclude Include="include\DoseDataCache.h">
      <Filter>Headerdateien</Filter>
    </ClInclude>
    <ClInclude Include="include\DoseStatistics.h">
      <Filter>Headerdateien</Filter>
    </ClInclude>
    <ClInclude Include="include\LCPriorityList.h">
      <Filter>Headerdateien</Filter>
    </ClInclude>
    <ClInclude Include="include\LCType.h">
      <Filter>Headerdateien</Filter>
    </ClInclude>
    <ClInclude Include="include\MutexContainer.h">
      <Filter>Headerdateien</Filter>
    </ClInclude>
    <ClInclude Include="include\ModuleTotalizerImpulseConfig.h">
      <Filter>Headerdateien</Filter>
    </ClInclude>
    <ClInclude Include="include\Date2Show.h">
      <Filter>Headerdateien</Filter>
    </ClInclude>
  </ItemGroup>
  <ItemGroup>
    <None Include="include\AlarmTypes.def">
      <Filter>Headerdateien</Filter>
    </None>
    <None Include="LogLevel.def">
      <Filter>LogLevel</Filter>
    </None>
    <None Include="Utils\private\xml\GenericRemoteHeader.def">
      <Filter>Headerdateien</Filter>
    </None>
  </ItemGroup>
</Project>