
Microsoft Visual Studio Solution File, Format Version 12.00
# Visual Studio Version 16
VisualStudioVersion = 16.0.32106.194
MinimumVisualStudioVersion = 10.0.40219.1
Project("{8BC9CEB8-8B4A-11D0-8D11-00A0C91BC942}") = "EasyGraph", "EasyGraph.vcxproj", "{D3AFC0D2-6387-4E40-A720-C9C13339FF2B}"
EndProject
Project("{2150E333-8FDC-42A3-9474-1A3956D46DE8}") = "ressource", "ressource", "{BC7B2B4B-1225-4DA8-B4D4-FA4ACCACEC39}"
EndProject
Project("{8BC9CEB8-8B4A-11D0-8D11-00A0C91BC942}") = "BASE", "..\BASE\BASE.vcxproj", "{AB592A6E-7B7F-4F77-9D9D-618F24D8C87D}"
EndProject
Project("{8BC9CEB8-8B4A-11D0-8D11-00A0C91BC942}") = "Logger", "..\Logger\Logger.vcxproj", "{6FE1DC42-88B7-4EBD-A91F-73826B869961}"
EndProject
Project("{8BC9CEB8-8B4A-11D0-8D11-00A0C91BC942}") = "VKBoard", "..\VKBoard\VKBoard.vcxproj", "{5DAA81F8-6325-4D5B-9F81-9D7AB0E144EA}"
EndProject
Project("{8BC9CEB8-8B4A-11D0-8D11-00A0C91BC942}") = "EasyGraph_DEU", "EasyGraph_DEU\EasyGraph_DEU.vcxproj", "{18009D89-0FF0-4329-9786-36CFDA4DBBE9}"
EndProject
Project("{8BC9CEB8-8B4A-11D0-8D11-00A0C91BC942}") = "EasyGraph_ENG", "EasyGraph_ENG\EasyGraph_ENG.vcxproj", "{D6FD4140-C482-40D6-846D-561F222E3AEA}"
EndProject
Project("{8BC9CEB8-8B4A-11D0-8D11-00A0C91BC942}") = "EasyGraph_NL", "EasyGraph_NL\EasyGraph_NL.vcxproj", "{C9FC965C-BE0D-4389-95E1-462E132A9D2D}"
EndProject
Global
	GlobalSection(SolutionConfigurationPlatforms) = preSolution
		Debug|x64 = Debug|x64
		Debug|x86 = Debug|x86
		Release|x64 = Release|x64
		Release|x86 = Release|x86
	EndGlobalSection
	GlobalSection(ProjectConfigurationPlatforms) = postSolution
		{D3AFC0D2-6387-4E40-A720-C9C13339FF2B}.Debug|x64.ActiveCfg = Debug|x64
		{D3AFC0D2-6387-4E40-A720-C9C13339FF2B}.Debug|x64.Build.0 = Debug|x64
		{D3AFC0D2-6387-4E40-A720-C9C13339FF2B}.Debug|x86.ActiveCfg = Debug|Win32
		{D3AFC0D2-6387-4E40-A720-C9C13339FF2B}.Debug|x86.Build.0 = Debug|Win32
		{D3AFC0D2-6387-4E40-A720-C9C13339FF2B}.Release|x64.ActiveCfg = Release|x64
		{D3AFC0D2-6387-4E40-A720-C9C13339FF2B}.Release|x64.Build.0 = Release|x64
		{D3AFC0D2-6387-4E40-A720-C9C13339FF2B}.Release|x86.ActiveCfg = Release|Win32
		{D3AFC0D2-6387-4E40-A720-C9C13339FF2B}.Release|x86.Build.0 = Release|Win32
		{AB592A6E-7B7F-4F77-9D9D-618F24D8C87D}.Debug|x64.ActiveCfg = Debug|x64
		{AB592A6E-7B7F-4F77-9D9D-618F24D8C87D}.Debug|x64.Build.0 = Debug|x64
		{AB592A6E-7B7F-4F77-9D9D-618F24D8C87D}.Debug|x86.ActiveCfg = Debug|Win32
		{AB592A6E-7B7F-4F77-9D9D-618F24D8C87D}.Debug|x86.Build.0 = Debug|Win32
		{AB592A6E-7B7F-4F77-9D9D-618F24D8C87D}.Release|x64.ActiveCfg = Release|x64
		{AB592A6E-7B7F-4F77-9D9D-618F24D8C87D}.Release|x64.Build.0 = Release|x64
		{AB592A6E-7B7F-4F77-9D9D-618F24D8C87D}.Release|x86.ActiveCfg = Release|Win32
		{AB592A6E-7B7F-4F77-9D9D-618F24D8C87D}.Release|x86.Build.0 = Release|Win32
		{6FE1DC42-88B7-4EBD-A91F-73826B869961}.Debug|x64.ActiveCfg = Debug|x64
		{6FE1DC42-88B7-4EBD-A91F-73826B869961}.Debug|x64.Build.0 = Debug|x64
		{6FE1DC42-88B7-4EBD-A91F-73826B869961}.Debug|x86.ActiveCfg = Debug|Win32
		{6FE1DC42-88B7-4EBD-A91F-73826B869961}.Debug|x86.Build.0 = Debug|Win32
		{6FE1DC42-88B7-4EBD-A91F-73826B869961}.Release|x64.ActiveCfg = Release|x64
		{6FE1DC42-88B7-4EBD-A91F-73826B869961}.Release|x64.Build.0 = Release|x64
		{6FE1DC42-88B7-4EBD-A91F-73826B869961}.Release|x86.ActiveCfg = Release|Win32
		{6FE1DC42-88B7-4EBD-A91F-73826B869961}.Release|x86.Build.0 = Release|Win32
		{5DAA81F8-6325-4D5B-9F81-9D7AB0E144EA}.Debug|x64.ActiveCfg = Debug|x64
		{5DAA81F8-6325-4D5B-9F81-9D7AB0E144EA}.Debug|x64.Build.0 = Debug|x64
		{5DAA81F8-6325-4D5B-9F81-9D7AB0E144EA}.Debug|x86.ActiveCfg = Debug|Win32
		{5DAA81F8-6325-4D5B-9F81-9D7AB0E144EA}.Debug|x86.Build.0 = Debug|Win32
		{5DAA81F8-6325-4D5B-9F81-9D7AB0E144EA}.Release|x64.ActiveCfg = Release|x64
		{5DAA81F8-6325-4D5B-9F81-9D7AB0E144EA}.Release|x64.Build.0 = Release|x64
		{5DAA81F8-6325-4D5B-9F81-9D7AB0E144EA}.Release|x86.ActiveCfg = Release|Win32
		{5DAA81F8-6325-4D5B-9F81-9D7AB0E144EA}.Release|x86.Build.0 = Release|Win32
		{18009D89-0FF0-4329-9786-36CFDA4DBBE9}.Debug|x64.ActiveCfg = Debug|x64
		{18009D89-0FF0-4329-9786-36CFDA4DBBE9}.Debug|x64.Build.0 = Debug|x64
		{18009D89-0FF0-4329-9786-36CFDA4DBBE9}.Debug|x86.ActiveCfg = Debug|Win32
		{18009D89-0FF0-4329-9786-36CFDA4DBBE9}.Debug|x86.Build.0 = Debug|Win32
		{18009D89-0FF0-4329-9786-36CFDA4DBBE9}.Release|x64.ActiveCfg = Release|x64
		{18009D89-0FF0-4329-9786-36CFDA4DBBE9}.Release|x64.Build.0 = Release|x64
		{18009D89-0FF0-4329-9786-36CFDA4DBBE9}.Release|x86.ActiveCfg = Release|Win32
		{18009D89-0FF0-4329-9786-36CFDA4DBBE9}.Release|x86.Build.0 = Release|Win32
		{D6FD4140-C482-40D6-846D-561F222E3AEA}.Debug|x64.ActiveCfg = Debug|x64
		{D6FD4140-C482-40D6-846D-561F222E3AEA}.Debug|x64.Build.0 = Debug|x64
		{D6FD4140-C482-40D6-846D-561F222E3AEA}.Debug|x86.ActiveCfg = Debug|Win32
		{D6FD4140-C482-40D6-846D-561F222E3AEA}.Debug|x86.Build.0 = Debug|Win32
		{D6FD4140-C482-40D6-846D-561F222E3AEA}.Release|x64.ActiveCfg = Release|x64
		{D6FD4140-C482-40D6-846D-561F222E3AEA}.Release|x64.Build.0 = Release|x64
		{D6FD4140-C482-40D6-846D-561F222E3AEA}.Release|x86.ActiveCfg = Release|Win32
		{D6FD4140-C482-40D6-846D-561F222E3AEA}.Release|x86.Build.0 = Release|Win32
		{C9FC965C-BE0D-4389-95E1-462E132A9D2D}.Debug|x64.ActiveCfg = Debug|x64
		{C9FC965C-BE0D-4389-95E1-462E132A9D2D}.Debug|x64.Build.0 = Debug|x64
		{C9FC965C-BE0D-4389-95E1-462E132A9D2D}.Debug|x86.ActiveCfg = Debug|Win32
		{C9FC965C-BE0D-4389-95E1-462E132A9D2D}.Debug|x86.Build.0 = Debug|Win32
		{C9FC965C-BE0D-4389-95E1-462E132A9D2D}.Release|x64.ActiveCfg = Release|x64
		{C9FC965C-BE0D-4389-95E1-462E132A9D2D}.Release|x64.Build.0 = Release|x64
		{C9FC965C-BE0D-4389-95E1-462E132A9D2D}.Release|x86.ActiveCfg = Release|Win32
		{C9FC965C-BE0D-4389-95E1-462E132A9D2D}.Release|x86.Build.0 = Release|Win32
	EndGlobalSection
	GlobalSection(SolutionProperties) = preSolution
		HideSolutionNode = FALSE
	EndGlobalSection
	GlobalSection(NestedProjects) = preSolution
		{18009D89-0FF0-4329-9786-36CFDA4DBBE9} = {BC7B2B4B-1225-4DA8-B4D4-FA4ACCACEC39}
		{D6FD4140-C482-40D6-846D-561F222E3AEA} = {BC7B2B4B-1225-4DA8-B4D4-FA4ACCACEC39}
		{C9FC965C-BE0D-4389-95E1-462E132A9D2D} = {BC7B2B4B-1225-4DA8-B4D4-FA4ACCACEC39}
	EndGlobalSection
	GlobalSection(ExtensibilityGlobals) = postSolution
		SolutionGuid = {9F051647-6861-4757-8041-5F18278CF7AB}
	EndGlobalSection
EndGlobal
